// !$*UTF8*$!
{
	archiveVersion = 1;
	classes = {
	};
	objectVersion = 46;
	objects = {

/* Begin PBXBuildFile section */
		60515E2C1BDF2D8000610CE1 /* AppDelegate.swift in Sources */ = {isa = PBXBuildFile; fileRef = 60515E2B1BDF2D8000610CE1 /* AppDelegate.swift */; };
		60515E2E1BDF2D8000610CE1 /* ViewController.swift in Sources */ = {isa = PBXBuildFile; fileRef = 60515E2D1BDF2D8000610CE1 /* ViewController.swift */; };
		60515E311BDF2D8000610CE1 /* Main.storyboard in Resources */ = {isa = PBXBuildFile; fileRef = 60515E2F1BDF2D8000610CE1 /* Main.storyboard */; };
		60515E331BDF2D8000610CE1 /* Assets.xcassets in Resources */ = {isa = PBXBuildFile; fileRef = 60515E321BDF2D8000610CE1 /* Assets.xcassets */; };
		60515E361BDF2D8000610CE1 /* LaunchScreen.storyboard in Resources */ = {isa = PBXBuildFile; fileRef = 60515E341BDF2D8000610CE1 /* LaunchScreen.storyboard */; };
		60515E421BDF4EB800610CE1 /* StarWarsUIViewAnimator.swift in Sources */ = {isa = PBXBuildFile; fileRef = 60515E411BDF4EB800610CE1 /* StarWarsUIViewAnimator.swift */; settings = {ASSET_TAGS = (); }; };
/* End PBXBuildFile section */

/* Begin PBXFileReference section */
		60515E281BDF2D8000610CE1 /* StarWarsDemo.app */ = {isa = PBXFileReference; explicitFileType = wrapper.application; includeInIndex = 0; path = StarWarsDemo.app; sourceTree = BUILT_PRODUCTS_DIR; };
		60515E2B1BDF2D8000610CE1 /* AppDelegate.swift */ = {isa = PBXFileReference; lastKnownFileType = sourcecode.swift; path = AppDelegate.swift; sourceTree = "<group>"; };
		60515E2D1BDF2D8000610CE1 /* ViewController.swift */ = {isa = PBXFileReference; lastKnownFileType = sourcecode.swift; path = ViewController.swift; sourceTree = "<group>"; };
		60515E301BDF2D8000610CE1 /* Base */ = {isa = PBXFileReference; lastKnownFileType = file.storyboard; name = Base; path = Base.lproj/Main.storyboard; sourceTree = "<group>"; };
		60515E321BDF2D8000610CE1 /* Assets.xcassets */ = {isa = PBXFileReference; lastKnownFileType = folder.assetcatalog; path = Assets.xcassets; sourceTree = "<group>"; };
		60515E351BDF2D8000610CE1 /* Base */ = {isa = PBXFileReference; lastKnownFileType = file.storyboard; name = Base; path = Base.lproj/LaunchScreen.storyboard; sourceTree = "<group>"; };
		60515E371BDF2D8000610CE1 /* Info.plist */ = {isa = PBXFileReference; lastKnownFileType = text.plist.xml; path = Info.plist; sourceTree = "<group>"; };
		60515E411BDF4EB800610CE1 /* StarWarsUIViewAnimator.swift */ = {isa = PBXFileReference; fileEncoding = 4; lastKnownFileType = sourcecode.swift; path = StarWarsUIViewAnimator.swift; sourceTree = "<group>"; };
/* End PBXFileReference section */

/* Begin PBXFrameworksBuildPhase section */
		60515E251BDF2D8000610CE1 /* Frameworks */ = {
			isa = PBXFrameworksBuildPhase;
			buildActionMask = 2147483647;
			files = (
			);
			runOnlyForDeploymentPostprocessing = 0;
		};
/* End PBXFrameworksBuildPhase section */

/* Begin PBXGroup section */
		60515E1F1BDF2D8000610CE1 = {
			isa = PBXGroup;
			children = (
				60515E2A1BDF2D8000610CE1 /* StarWarsDemo */,
				60515E291BDF2D8000610CE1 /* Products */,
			);
			sourceTree = "<group>";
		};
		60515E291BDF2D8000610CE1 /* Products */ = {
			isa = PBXGroup;
			children = (
				60515E281BDF2D8000610CE1 /* StarWarsDemo.app */,
			);
			name = Products;
			sourceTree = "<group>";
		};
		60515E2A1BDF2D8000610CE1 /* StarWarsDemo */ = {
			isa = PBXGroup;
			children = (
				60515E3D1BDF2DE500610CE1 /* StarWars */,
				60515E2B1BDF2D8000610CE1 /* AppDelegate.swift */,
				60515E2D1BDF2D8000610CE1 /* ViewController.swift */,
				60515E2F1BDF2D8000610CE1 /* Main.storyboard */,
				60515E321BDF2D8000610CE1 /* Assets.xcassets */,
				60515E341BDF2D8000610CE1 /* LaunchScreen.storyboard */,
				60515E371BDF2D8000610CE1 /* Info.plist */,
			);
			path = StarWarsDemo;
			sourceTree = "<group>";
		};
		60515E3D1BDF2DE500610CE1 /* StarWars */ = {
			isa = PBXGroup;
			children = (
				60515E401BDF2E3A00610CE1 /* StarWarsUIViewAnimator */,
				60515E3F1BDF2E3400610CE1 /* StarWarsUIDynamicAnimator */,
				60515E3E1BDF2E2D00610CE1 /* StarWarsGLAnimator */,
			);
			path = StarWars;
			sourceTree = "<group>";
		};
		60515E3E1BDF2E2D00610CE1 /* StarWarsGLAnimator */ = {
			isa = PBXGroup;
			children = (
			);
			path = StarWarsGLAnimator;
			sourceTree = "<group>";
		};
		60515E3F1BDF2E3400610CE1 /* StarWarsUIDynamicAnimator */ = {
			isa = PBXGroup;
			children = (
			);
			path = StarWarsUIDynamicAnimator;
			sourceTree = "<group>";
		};
		60515E401BDF2E3A00610CE1 /* StarWarsUIViewAnimator */ = {
			isa = PBXGroup;
			children = (
				60515E411BDF4EB800610CE1 /* StarWarsUIViewAnimator.swift */,
			);
			path = StarWarsUIViewAnimator;
			sourceTree = "<group>";
		};
/* End PBXGroup section */

/* Begin PBXNativeTarget section */
		60515E271BDF2D8000610CE1 /* StarWarsDemo */ = {
			isa = PBXNativeTarget;
			buildConfigurationList = 60515E3A1BDF2D8000610CE1 /* Build configuration list for PBXNativeTarget "StarWarsDemo" */;
			buildPhases = (
				60515E241BDF2D8000610CE1 /* Sources */,
				60515E251BDF2D8000610CE1 /* Frameworks */,
				60515E261BDF2D8000610CE1 /* Resources */,
			);
			buildRules = (
			);
			dependencies = (
			);
			name = StarWarsDemo;
			productName = StarWarsDemo;
			productReference = 60515E281BDF2D8000610CE1 /* StarWarsDemo.app */;
			productType = "com.apple.product-type.application";
		};
/* End PBXNativeTarget section */

/* Begin PBXProject section */
		60515E201BDF2D8000610CE1 /* Project object */ = {
			isa = PBXProject;
			attributes = {
				LastUpgradeCheck = 0700;
				ORGANIZATIONNAME = "Binea Xu";
				TargetAttributes = {
					60515E271BDF2D8000610CE1 = {
						CreatedOnToolsVersion = 7.0;
					};
				};
			};
			buildConfigurationList = 60515E231BDF2D8000610CE1 /* Build configuration list for PBXProject "StarWarsDemo" */;
			compatibilityVersion = "Xcode 3.2";
			developmentRegion = English;
			hasScannedForEncodings = 0;
			knownRegions = (
				en,
				Base,
			);
			mainGroup = 60515E1F1BDF2D8000610CE1;
			productRefGroup = 60515E291BDF2D8000610CE1 /* Products */;
			projectDirPath = "";
			projectRoot = "";
			targets = (
				60515E271BDF2D8000610CE1 /* StarWarsDemo */,
			);
		};
/* End PBXProject section */

/* Begin PBXResourcesBuildPhase section */
		60515E261BDF2D8000610CE1 /* Resources */ = {
			isa = PBXResourcesBuildPhase;
			buildActionMask = 2147483647;
			files = (
				60515E361BDF2D8000610CE1 /* LaunchScreen.storyboard in Resources */,
				60515E331BDF2D8000610CE1 /* Assets.xcassets in Resources */,
				60515E311BDF2D8000610CE1 /* Main.storyboard in Resources */,
			);
			runOnlyForDeploymentPostprocessing = 0;
		};
/* End PBXResourcesBuildPhase section */

/* Begin PBXSourcesBuildPhase section */
		60515E241BDF2D8000610CE1 /* Sources */ = {
			isa = PBXSourcesBuildPhase;
			buildActionMask = 2147483647;
			files = (
				60515E2E1BDF2D8000610CE1 /* ViewController.swift in Sources */,
				60515E2C1BDF2D8000610CE1 /* AppDelegate.swift in Sources */,
				60515E421BDF4EB800610CE1 /* StarWarsUIViewAnimator.swift in Sources */,
			);
			runOnlyForDeploymentPostprocessing = 0;
		};
/* End PBXSourcesBuildPhase section */

/* Begin PBXVariantGroup section */
		60515E2F1BDF2D8000610CE1 /* Main.storyboard */ = {
			isa = PBXVariantGroup;
			children = (
				60515E301BDF2D8000610CE1 /* Base */,
			);
			name = Main.storyboard;
			sourceTree = "<group>";
		};
		60515E341BDF2D8000610CE1 /* LaunchScreen.storyboard */ = {
			isa = PBXVariantGroup;
			children = (
				60515E351BDF2D8000610CE1 /* Base */,
			);
			name = LaunchScreen.storyboard;
			sourceTree = "<group>";
		};
/* End PBXVariantGroup section */

/* Begin XCBuildConfiguration section */
		60515E381BDF2D8000610CE1 /* Debug */ = {
			isa = XCBuildConfiguration;
			buildSettings = {
				ALWAYS_SEARCH_USER_PATHS = NO;
				CLANG_CXX_LANGUAGE_STANDARD = "gnu++0x";
				CLANG_CXX_LIBRARY = "libc++";
				CLANG_ENABLE_MODULES = YES;
				CLANG_ENABLE_OBJC_ARC = YES;
				CLANG_WARN_BOOL_CONVERSION = YES;
				CLANG_WARN_CONSTANT_CONVERSION = YES;
				CLANG_WARN_DIRECT_OBJC_ISA_USAGE = YES_ERROR;
				CLANG_WARN_EMPTY_BODY = YES;
				CLANG_WARN_ENUM_CONVERSION = YES;
				CLANG_WARN_INT_CONVERSION = YES;
				CLANG_WARN_OBJC_ROOT_CLASS = YES_ERROR;
				CLANG_WARN_UNREACHABLE_CODE = YES;
				CLANG_WARN__DUPLICATE_METHOD_MATCH = YES;
				"CODE_SIGN_IDENTITY[sdk=iphoneos*]" = "iPhone Developer";
				COPY_PHASE_STRIP = NO;
				DEBUG_INFORMATION_FORMAT = dwarf;
				ENABLE_STRICT_OBJC_MSGSEND = YES;
				ENABLE_TESTABILITY = YES;
				GCC_C_LANGUAGE_STANDARD = gnu99;
				GCC_DYNAMIC_NO_PIC = NO;
				GCC_NO_COMMON_BLOCKS = YES;
				GCC_OPTIMIZATION_LEVEL = 0;
				GCC_PREPROCESSOR_DEFINITIONS = (
					"DEBUG=1",
					"$(inherited)",
				);
				GCC_WARN_64_TO_32_BIT_CONVERSION = YES;
				GCC_WARN_ABOUT_RETURN_TYPE = YES_ERROR;
				GCC_WARN_UNDECLARED_SELECTOR = YES;
				GCC_WARN_UNINITIALIZED_AUTOS = YES_AGGRESSIVE;
				GCC_WARN_UNUSED_FUNCTION = YES;
				GCC_WARN_UNUSED_VARIABLE = YES;
				IPHONEOS_DEPLOYMENT_TARGET = 9.0;
				MTL_ENABLE_DEBUG_INFO = YES;
				ONLY_ACTIVE_ARCH = YES;
				SDKROOT = iphoneos;
				SWIFT_OPTIMIZATION_LEVEL = "-Onone";
				TARGETED_DEVICE_FAMILY = "1,2";
			};
			name = Debug;
		};
		60515E391BDF2D8000610CE1 /* Release */ = {
			isa = XCBuildConfiguration;
			buildSettings = {
				ALWAYS_SEARCH_USER_PATHS = NO;
				CLANG_CXX_LANGUAGE_STANDARD = "gnu++0x";
				CLANG_CXX_LIBRARY = "libc++";
				CLANG_ENABLE_MODULES = YES;
				CLANG_ENABLE_OBJC_ARC = YES;
				CLANG_WARN_BOOL_CONVERSION = YES;
				CLANG_WARN_CONSTANT_CONVERSION = YES;
				CLANG_WARN_DIRECT_OBJC_ISA_USAGE = YES_ERROR;
				CLANG_WARN_EMPTY_BODY = YES;
				CLANG_WARN_ENUM_CONVERSION = YES;
				CLANG_WARN_INT_CONVERSION = YES;
				CLANG_WARN_OBJC_ROOT_CLASS = YES_ERROR;
				CLANG_WARN_UNREACHABLE_CODE = YES;
				CLANG_WARN__DUPLICATE_METHOD_MATCH = YES;
				"CODE_SIGN_IDENTITY[sdk=iphoneos*]" = "iPhone Developer";
				COPY_PHASE_STRIP = NO;
				DEBUG_INFORMATION_FORMAT = "dwarf-with-dsym";
				ENABLE_NS_ASSERTIONS = NO;
				ENABLE_STRICT_OBJC_MSGSEND = YES;
				GCC_C_LANGUAGE_STANDARD = gnu99;
				GCC_NO_COMMON_BLOCKS = YES;
				GCC_WARN_64_TO_32_BIT_CONVERSION = YES;
				GCC_WARN_ABOUT_RETURN_TYPE = YES_ERROR;
				GCC_WARN_UNDECLARED_SELECTOR = YES;
				GCC_WARN_UNINITIALIZED_AUTOS = YES_AGGRESSIVE;
				GCC_WARN_UNUSED_FUNCTION = YES;
				GCC_WARN_UNUSED_VARIABLE = YES;
				IPHONEOS_DEPLOYMENT_TARGET = 9.0;
				MTL_ENABLE_DEBUG_INFO = NO;
				SDKROOT = iphoneos;
				TARGETED_DEVICE_FAMILY = "1,2";
				VALIDATE_PRODUCT = YES;
			};
			name = Release;
		};
		60515E3B1BDF2D8000610CE1 /* Debug */ = {
			isa = XCBuildConfiguration;
			buildSettings = {
				ASSETCATALOG_COMPILER_APPICON_NAME = AppIcon;
				INFOPLIST_FILE = StarWarsDemo/Info.plist;
				LD_RUNPATH_SEARCH_PATHS = "$(inherited) @executable_path/Frameworks";
				PRODUCT_BUNDLE_IDENTIFIER = com.binea.StarWarsDemo;
				PRODUCT_NAME = "$(TARGET_NAME)";
			};
			name = Debug;
		};
		60515E3C1BDF2D8000610CE1 /* Release */ = {
			isa = XCBuildConfiguration;
			buildSettings = {
				ASSETCATALOG_COMPILER_APPICON_NAME = AppIcon;
				INFOPLIST_FILE = StarWarsDemo/Info.plist;
				LD_RUNPATH_SEARCH_PATHS = "$(inherited) @executable_path/Frameworks";
				PRODUCT_BUNDLE_IDENTIFIER = com.binea.StarWarsDemo;
				PRODUCT_NAME = "$(TARGET_NAME)";
			};
			name = Release;
		};
/* End XCBuildConfiguration section */

/* Begin XCConfigurationList section */
		60515E231BDF2D8000610CE1 /* Build configuration list for PBXProject "StarWarsDemo" */ = {
			isa = XCConfigurationList;
			buildConfigurations = (
				60515E381BDF2D8000610CE1 /* Debug */,
				60515E391BDF2D8000610CE1 /* Release */,
			);
			defaultConfigurationIsVisible = 0;
			defaultConfigurationName = Release;
		};
		60515E3A1BDF2D8000610CE1 /* Build configuration list for PBXNativeTarget "StarWarsDemo" */ = {
			isa = XCConfigurationList;
			buildConfigurations = (
				60515E3B1BDF2D8000610CE1 /* Debug */,
				60515E3C1BDF2D8000610CE1 /* Release */,
			);
			defaultConfigurationIsVisible = 0;
		};
/* End XCConfigurationList section */
	};
	rootObject = 60515E201BDF2D8000610CE1 /* Project object */;
}
