// !$*UTF8*$!
{
	archiveVersion = 1;
	classes = {
	};
	objectVersion = 46;
	objects = {

/* Begin PBXBuildFile section */
		60A537461B368E2600415F65 /* AppDelegate.swift in Sources */ = {isa = PBXBuildFile; fileRef = 60A537451B368E2600415F65 /* AppDelegate.swift */; };
		60A537481B368E2600415F65 /* ViewController.swift in Sources */ = {isa = PBXBuildFile; fileRef = 60A537471B368E2600415F65 /* ViewController.swift */; };
		60A5374B1B368E2600415F65 /* Main.storyboard in Resources */ = {isa = PBXBuildFile; fileRef = 60A537491B368E2600415F65 /* Main.storyboard */; };
		60A5374D1B368E2600415F65 /* Images.xcassets in Resources */ = {isa = PBXBuildFile; fileRef = 60A5374C1B368E2600415F65 /* Images.xcassets */; };
		60A537501B368E2600415F65 /* LaunchScreen.xib in Resources */ = {isa = PBXBuildFile; fileRef = 60A5374E1B368E2600415F65 /* LaunchScreen.xib */; };
		60A5375C1B368E2600415F65 /* CassiniTests.swift in Sources */ = {isa = PBXBuildFile; fileRef = 60A5375B1B368E2600415F65 /* CassiniTests.swift */; };
		60A537661B368E6300415F65 /* DemoURL.swift in Sources */ = {isa = PBXBuildFile; fileRef = 60A537651B368E6300415F65 /* DemoURL.swift */; };
		60A537681B36934700415F65 /* ImageViewController.swift in Sources */ = {isa = PBXBuildFile; fileRef = 60A537671B36934700415F65 /* ImageViewController.swift */; };
/* End PBXBuildFile section */

/* Begin PBXContainerItemProxy section */
		60A537561B368E2600415F65 /* PBXContainerItemProxy */ = {
			isa = PBXContainerItemProxy;
			containerPortal = 60A537381B368E2600415F65 /* Project object */;
			proxyType = 1;
			remoteGlobalIDString = 60A5373F1B368E2600415F65;
			remoteInfo = Cassini;
		};
/* End PBXContainerItemProxy section */

/* Begin PBXFileReference section */
		60A537401B368E2600415F65 /* Cassini.app */ = {isa = PBXFileReference; explicitFileType = wrapper.application; includeInIndex = 0; path = Cassini.app; sourceTree = BUILT_PRODUCTS_DIR; };
		60A537441B368E2600415F65 /* Info.plist */ = {isa = PBXFileReference; lastKnownFileType = text.plist.xml; path = Info.plist; sourceTree = "<group>"; };
		60A537451B368E2600415F65 /* AppDelegate.swift */ = {isa = PBXFileReference; lastKnownFileType = sourcecode.swift; path = AppDelegate.swift; sourceTree = "<group>"; };
		60A537471B368E2600415F65 /* ViewController.swift */ = {isa = PBXFileReference; lastKnownFileType = sourcecode.swift; path = ViewController.swift; sourceTree = "<group>"; };
		60A5374A1B368E2600415F65 /* Base */ = {isa = PBXFileReference; lastKnownFileType = file.storyboard; name = Base; path = Base.lproj/Main.storyboard; sourceTree = "<group>"; };
		60A5374C1B368E2600415F65 /* Images.xcassets */ = {isa = PBXFileReference; lastKnownFileType = folder.assetcatalog; path = Images.xcassets; sourceTree = "<group>"; };
		60A5374F1B368E2600415F65 /* Base */ = {isa = PBXFileReference; lastKnownFileType = file.xib; name = Base; path = Base.lproj/LaunchScreen.xib; sourceTree = "<group>"; };
		60A537551B368E2600415F65 /* CassiniTests.xctest */ = {isa = PBXFileReference; explicitFileType = wrapper.cfbundle; includeInIndex = 0; path = CassiniTests.xctest; sourceTree = BUILT_PRODUCTS_DIR; };
		60A5375A1B368E2600415F65 /* Info.plist */ = {isa = PBXFileReference; lastKnownFileType = text.plist.xml; path = Info.plist; sourceTree = "<group>"; };
		60A5375B1B368E2600415F65 /* CassiniTests.swift */ = {isa = PBXFileReference; lastKnownFileType = sourcecode.swift; path = CassiniTests.swift; sourceTree = "<group>"; };
		60A537651B368E6300415F65 /* DemoURL.swift */ = {isa = PBXFileReference; fileEncoding = 4; lastKnownFileType = sourcecode.swift; path = DemoURL.swift; sourceTree = "<group>"; };
		60A537671B36934700415F65 /* ImageViewController.swift */ = {isa = PBXFileReference; fileEncoding = 4; lastKnownFileType = sourcecode.swift; path = ImageViewController.swift; sourceTree = "<group>"; };
/* End PBXFileReference section */

/* Begin PBXFrameworksBuildPhase section */
		60A5373D1B368E2600415F65 /* Frameworks */ = {
			isa = PBXFrameworksBuildPhase;
			buildActionMask = 2147483647;
			files = (
			);
			runOnlyForDeploymentPostprocessing = 0;
		};
		60A537521B368E2600415F65 /* Frameworks */ = {
			isa = PBXFrameworksBuildPhase;
			buildActionMask = 2147483647;
			files = (
			);
			runOnlyForDeploymentPostprocessing = 0;
		};
/* End PBXFrameworksBuildPhase section */

/* Begin PBXGroup section */
		60A537371B368E2600415F65 = {
			isa = PBXGroup;
			children = (
				60A537421B368E2600415F65 /* Cassini */,
				60A537581B368E2600415F65 /* CassiniTests */,
				60A537411B368E2600415F65 /* Products */,
			);
			sourceTree = "<group>";
		};
		60A537411B368E2600415F65 /* Products */ = {
			isa = PBXGroup;
			children = (
				60A537401B368E2600415F65 /* Cassini.app */,
				60A537551B368E2600415F65 /* CassiniTests.xctest */,
			);
			name = Products;
			sourceTree = "<group>";
		};
		60A537421B368E2600415F65 /* Cassini */ = {
			isa = PBXGroup;
			children = (
				60A537471B368E2600415F65 /* ViewController.swift */,
				60A537491B368E2600415F65 /* Main.storyboard */,
				60A537431B368E2600415F65 /* Supporting Files */,
				60A537651B368E6300415F65 /* DemoURL.swift */,
				60A537671B36934700415F65 /* ImageViewController.swift */,
			);
			path = Cassini;
			sourceTree = "<group>";
		};
		60A537431B368E2600415F65 /* Supporting Files */ = {
			isa = PBXGroup;
			children = (
				60A5374C1B368E2600415F65 /* Images.xcassets */,
				60A5374E1B368E2600415F65 /* LaunchScreen.xib */,
				60A537451B368E2600415F65 /* AppDelegate.swift */,
				60A537441B368E2600415F65 /* Info.plist */,
			);
			name = "Supporting Files";
			sourceTree = "<group>";
		};
		60A537581B368E2600415F65 /* CassiniTests */ = {
			isa = PBXGroup;
			children = (
				60A5375B1B368E2600415F65 /* CassiniTests.swift */,
				60A537591B368E2600415F65 /* Supporting Files */,
			);
			path = CassiniTests;
			sourceTree = "<group>";
		};
		60A537591B368E2600415F65 /* Supporting Files */ = {
			isa = PBXGroup;
			children = (
				60A5375A1B368E2600415F65 /* Info.plist */,
			);
			name = "Supporting Files";
			sourceTree = "<group>";
		};
/* End PBXGroup section */

/* Begin PBXNativeTarget section */
		60A5373F1B368E2600415F65 /* Cassini */ = {
			isa = PBXNativeTarget;
			buildConfigurationList = 60A5375F1B368E2600415F65 /* Build configuration list for PBXNativeTarget "Cassini" */;
			buildPhases = (
				60A5373C1B368E2600415F65 /* Sources */,
				60A5373D1B368E2600415F65 /* Frameworks */,
				60A5373E1B368E2600415F65 /* Resources */,
			);
			buildRules = (
			);
			dependencies = (
			);
			name = Cassini;
			productName = Cassini;
			productReference = 60A537401B368E2600415F65 /* Cassini.app */;
			productType = "com.apple.product-type.application";
		};
		60A537541B368E2600415F65 /* CassiniTests */ = {
			isa = PBXNativeTarget;
			buildConfigurationList = 60A537621B368E2600415F65 /* Build configuration list for PBXNativeTarget "CassiniTests" */;
			buildPhases = (
				60A537511B368E2600415F65 /* Sources */,
				60A537521B368E2600415F65 /* Frameworks */,
				60A537531B368E2600415F65 /* Resources */,
			);
			buildRules = (
			);
			dependencies = (
				60A537571B368E2600415F65 /* PBXTargetDependency */,
			);
			name = CassiniTests;
			productName = CassiniTests;
			productReference = 60A537551B368E2600415F65 /* CassiniTests.xctest */;
			productType = "com.apple.product-type.bundle.unit-test";
		};
/* End PBXNativeTarget section */

/* Begin PBXProject section */
		60A537381B368E2600415F65 /* Project object */ = {
			isa = PBXProject;
			attributes = {
				LastUpgradeCheck = 0630;
				ORGANIZATIONNAME = "Binea Xu";
				TargetAttributes = {
					60A5373F1B368E2600415F65 = {
						CreatedOnToolsVersion = 6.3.2;
					};
					60A537541B368E2600415F65 = {
						CreatedOnToolsVersion = 6.3.2;
						TestTargetID = 60A5373F1B368E2600415F65;
					};
				};
			};
			buildConfigurationList = 60A5373B1B368E2600415F65 /* Build configuration list for PBXProject "Cassini" */;
			compatibilityVersion = "Xcode 3.2";
			developmentRegion = English;
			hasScannedForEncodings = 0;
			knownRegions = (
				en,
				Base,
			);
			mainGroup = 60A537371B368E2600415F65;
			productRefGroup = 60A537411B368E2600415F65 /* Products */;
			projectDirPath = "";
			projectRoot = "";
			targets = (
				60A5373F1B368E2600415F65 /* Cassini */,
				60A537541B368E2600415F65 /* CassiniTests */,
			);
		};
/* End PBXProject section */

/* Begin PBXResourcesBuildPhase section */
		60A5373E1B368E2600415F65 /* Resources */ = {
			isa = PBXResourcesBuildPhase;
			buildActionMask = 2147483647;
			files = (
				60A5374B1B368E2600415F65 /* Main.storyboard in Resources */,
				60A537501B368E2600415F65 /* LaunchScreen.xib in Resources */,
				60A5374D1B368E2600415F65 /* Images.xcassets in Resources */,
			);
			runOnlyForDeploymentPostprocessing = 0;
		};
		60A537531B368E2600415F65 /* Resources */ = {
			isa = PBXResourcesBuildPhase;
			buildActionMask = 2147483647;
			files = (
			);
			runOnlyForDeploymentPostprocessing = 0;
		};
/* End PBXResourcesBuildPhase section */

/* Begin PBXSourcesBuildPhase section */
		60A5373C1B368E2600415F65 /* Sources */ = {
			isa = PBXSourcesBuildPhase;
			buildActionMask = 2147483647;
			files = (
				60A537481B368E2600415F65 /* ViewController.swift in Sources */,
				60A537461B368E2600415F65 /* AppDelegate.swift in Sources */,
				60A537681B36934700415F65 /* ImageViewController.swift in Sources */,
				60A537661B368E6300415F65 /* DemoURL.swift in Sources */,
			);
			runOnlyForDeploymentPostprocessing = 0;
		};
		60A537511B368E2600415F65 /* Sources */ = {
			isa = PBXSourcesBuildPhase;
			buildActionMask = 2147483647;
			files = (
				60A5375C1B368E2600415F65 /* CassiniTests.swift in Sources */,
			);
			runOnlyForDeploymentPostprocessing = 0;
		};
/* End PBXSourcesBuildPhase section */

/* Begin PBXTargetDependency section */
		60A537571B368E2600415F65 /* PBXTargetDependency */ = {
			isa = PBXTargetDependency;
			target = 60A5373F1B368E2600415F65 /* Cassini */;
			targetProxy = 60A537561B368E2600415F65 /* PBXContainerItemProxy */;
		};
/* End PBXTargetDependency section */

/* Begin PBXVariantGroup section */
		60A537491B368E2600415F65 /* Main.storyboard */ = {
			isa = PBXVariantGroup;
			children = (
				60A5374A1B368E2600415F65 /* Base */,
			);
			name = Main.storyboard;
			sourceTree = "<group>";
		};
		60A5374E1B368E2600415F65 /* LaunchScreen.xib */ = {
			isa = PBXVariantGroup;
			children = (
				60A5374F1B368E2600415F65 /* Base */,
			);
			name = LaunchScreen.xib;
			sourceTree = "<group>";
		};
/* End PBXVariantGroup section */

/* Begin XCBuildConfiguration section */
		60A5375D1B368E2600415F65 /* Debug */ = {
			isa = XCBuildConfiguration;
			buildSettings = {
				ALWAYS_SEARCH_USER_PATHS = NO;
				CLANG_CXX_LANGUAGE_STANDARD = "gnu++0x";
				CLANG_CXX_LIBRARY = "libc++";
				CLANG_ENABLE_MODULES = YES;
				CLANG_ENABLE_OBJC_ARC = YES;
				CLANG_WARN_BOOL_CONVERSION = YES;
				CLANG_WARN_CONSTANT_CONVERSION = YES;
				CLANG_WARN_DIRECT_OBJC_ISA_USAGE = YES_ERROR;
				CLANG_WARN_EMPTY_BODY = YES;
				CLANG_WARN_ENUM_CONVERSION = YES;
				CLANG_WARN_INT_CONVERSION = YES;
				CLANG_WARN_OBJC_ROOT_CLASS = YES_ERROR;
				CLANG_WARN_UNREACHABLE_CODE = YES;
				CLANG_WARN__DUPLICATE_METHOD_MATCH = YES;
				"CODE_SIGN_IDENTITY[sdk=iphoneos*]" = "iPhone Developer";
				COPY_PHASE_STRIP = NO;
				DEBUG_INFORMATION_FORMAT = "dwarf-with-dsym";
				ENABLE_STRICT_OBJC_MSGSEND = YES;
				GCC_C_LANGUAGE_STANDARD = gnu99;
				GCC_DYNAMIC_NO_PIC = NO;
				GCC_NO_COMMON_BLOCKS = YES;
				GCC_OPTIMIZATION_LEVEL = 0;
				GCC_PREPROCESSOR_DEFINITIONS = (
					"DEBUG=1",
					"$(inherited)",
				);
				GCC_SYMBOLS_PRIVATE_EXTERN = NO;
				GCC_WARN_64_TO_32_BIT_CONVERSION = YES;
				GCC_WARN_ABOUT_RETURN_TYPE = YES_ERROR;
				GCC_WARN_UNDECLARED_SELECTOR = YES;
				GCC_WARN_UNINITIALIZED_AUTOS = YES_AGGRESSIVE;
				GCC_WARN_UNUSED_FUNCTION = YES;
				GCC_WARN_UNUSED_VARIABLE = YES;
				IPHONEOS_DEPLOYMENT_TARGET = 8.3;
				MTL_ENABLE_DEBUG_INFO = YES;
				ONLY_ACTIVE_ARCH = YES;
				SDKROOT = iphoneos;
				SWIFT_OPTIMIZATION_LEVEL = "-Onone";
				TARGETED_DEVICE_FAMILY = "1,2";
			};
			name = Debug;
		};
		60A5375E1B368E2600415F65 /* Release */ = {
			isa = XCBuildConfiguration;
			buildSettings = {
				ALWAYS_SEARCH_USER_PATHS = NO;
				CLANG_CXX_LANGUAGE_STANDARD = "gnu++0x";
				CLANG_CXX_LIBRARY = "libc++";
				CLANG_ENABLE_MODULES = YES;
				CLANG_ENABLE_OBJC_ARC = YES;
				CLANG_WARN_BOOL_CONVERSION = YES;
				CLANG_WARN_CONSTANT_CONVERSION = YES;
				CLANG_WARN_DIRECT_OBJC_ISA_USAGE = YES_ERROR;
				CLANG_WARN_EMPTY_BODY = YES;
				CLANG_WARN_ENUM_CONVERSION = YES;
				CLANG_WARN_INT_CONVERSION = YES;
				CLANG_WARN_OBJC_ROOT_CLASS = YES_ERROR;
				CLANG_WARN_UNREACHABLE_CODE = YES;
				CLANG_WARN__DUPLICATE_METHOD_MATCH = YES;
				"CODE_SIGN_IDENTITY[sdk=iphoneos*]" = "iPhone Developer";
				COPY_PHASE_STRIP = NO;
				DEBUG_INFORMATION_FORMAT = "dwarf-with-dsym";
				ENABLE_NS_ASSERTIONS = NO;
				ENABLE_STRICT_OBJC_MSGSEND = YES;
				GCC_C_LANGUAGE_STANDARD = gnu99;
				GCC_NO_COMMON_BLOCKS = YES;
				GCC_WARN_64_TO_32_BIT_CONVERSION = YES;
				GCC_WARN_ABOUT_RETURN_TYPE = YES_ERROR;
				GCC_WARN_UNDECLARED_SELECTOR = YES;
				GCC_WARN_UNINITIALIZED_AUTOS = YES_AGGRESSIVE;
				GCC_WARN_UNUSED_FUNCTION = YES;
				GCC_WARN_UNUSED_VARIABLE = YES;
				IPHONEOS_DEPLOYMENT_TARGET = 8.3;
				MTL_ENABLE_DEBUG_INFO = NO;
				SDKROOT = iphoneos;
				TARGETED_DEVICE_FAMILY = "1,2";
				VALIDATE_PRODUCT = YES;
			};
			name = Release;
		};
		60A537601B368E2600415F65 /* Debug */ = {
			isa = XCBuildConfiguration;
			buildSettings = {
				ASSETCATALOG_COMPILER_APPICON_NAME = AppIcon;
				INFOPLIST_FILE = Cassini/Info.plist;
				LD_RUNPATH_SEARCH_PATHS = "$(inherited) @executable_path/Frameworks";
				PRODUCT_NAME = "$(TARGET_NAME)";
			};
			name = Debug;
		};
		60A537611B368E2600415F65 /* Release */ = {
			isa = XCBuildConfiguration;
			buildSettings = {
				ASSETCATALOG_COMPILER_APPICON_NAME = AppIcon;
				INFOPLIST_FILE = Cassini/Info.plist;
				LD_RUNPATH_SEARCH_PATHS = "$(inherited) @executable_path/Frameworks";
				PRODUCT_NAME = "$(TARGET_NAME)";
			};
			name = Release;
		};
		60A537631B368E2600415F65 /* Debug */ = {
			isa = XCBuildConfiguration;
			buildSettings = {
				BUNDLE_LOADER = "$(TEST_HOST)";
				FRAMEWORK_SEARCH_PATHS = (
					"$(SDKROOT)/Developer/Library/Frameworks",
					"$(inherited)",
				);
				GCC_PREPROCESSOR_DEFINITIONS = (
					"DEBUG=1",
					"$(inherited)",
				);
				INFOPLIST_FILE = CassiniTests/Info.plist;
				LD_RUNPATH_SEARCH_PATHS = "$(inherited) @executable_path/Frameworks @loader_path/Frameworks";
				PRODUCT_NAME = "$(TARGET_NAME)";
				TEST_HOST = "$(BUILT_PRODUCTS_DIR)/Cassini.app/Cassini";
			};
			name = Debug;
		};
		60A537641B368E2600415F65 /* Release */ = {
			isa = XCBuildConfiguration;
			buildSettings = {
				BUNDLE_LOADER = "$(TEST_HOST)";
				FRAMEWORK_SEARCH_PATHS = (
					"$(SDKROOT)/Developer/Library/Frameworks",
					"$(inherited)",
				);
				INFOPLIST_FILE = CassiniTests/Info.plist;
				LD_RUNPATH_SEARCH_PATHS = "$(inherited) @executable_path/Frameworks @loader_path/Frameworks";
				PRODUCT_NAME = "$(TARGET_NAME)";
				TEST_HOST = "$(BUILT_PRODUCTS_DIR)/Cassini.app/Cassini";
			};
			name = Release;
		};
/* End XCBuildConfiguration section */

/* Begin XCConfigurationList section */
		60A5373B1B368E2600415F65 /* Build configuration list for PBXProject "Cassini" */ = {
			isa = XCConfigurationList;
			buildConfigurations = (
				60A5375D1B368E2600415F65 /* Debug */,
				60A5375E1B368E2600415F65 /* Release */,
			);
			defaultConfigurationIsVisible = 0;
			defaultConfigurationName = Release;
		};
		60A5375F1B368E2600415F65 /* Build configuration list for PBXNativeTarget "Cassini" */ = {
			isa = XCConfigurationList;
			buildConfigurations = (
				60A537601B368E2600415F65 /* Debug */,
				60A537611B368E2600415F65 /* Release */,
			);
			defaultConfigurationIsVisible = 0;
		};
		60A537621B368E2600415F65 /* Build configuration list for PBXNativeTarget "CassiniTests" */ = {
			isa = XCConfigurationList;
			buildConfigurations = (
				60A537631B368E2600415F65 /* Debug */,
				60A537641B368E2600415F65 /* Release */,
			);
			defaultConfigurationIsVisible = 0;
		};
/* End XCConfigurationList section */
	};
	rootObject = 60A537381B368E2600415F65 /* Project object */;
}
