// !$*UTF8*$!
{
	archiveVersion = 1;
	classes = {
	};
	objectVersion = 46;
	objects = {

/* Begin PBXBuildFile section */
		601526141BC4FA2F00A78EBC /* ZPTableHeaderView.swift in Sources */ = {isa = PBXBuildFile; fileRef = 601526131BC4FA2F00A78EBC /* ZPTableHeaderView.swift */; settings = {ASSET_TAGS = (); }; };
		601526151BC4FA2F00A78EBC /* ZPTableHeaderView.swift in Sources */ = {isa = PBXBuildFile; fileRef = 601526131BC4FA2F00A78EBC /* ZPTableHeaderView.swift */; settings = {ASSET_TAGS = (); }; };
		6017966F1B88559200E11446 /* ZPTableDataSource.swift in Sources */ = {isa = PBXBuildFile; fileRef = 6017966E1B88559200E11446 /* ZPTableDataSource.swift */; };
		601796701B88559200E11446 /* ZPTableDataSource.swift in Sources */ = {isa = PBXBuildFile; fileRef = 6017966E1B88559200E11446 /* ZPTableDataSource.swift */; };
		601796721B88576500E11446 /* ZPTableEntity.swift in Sources */ = {isa = PBXBuildFile; fileRef = 601796711B88576500E11446 /* ZPTableEntity.swift */; };
		601796731B88576500E11446 /* ZPTableEntity.swift in Sources */ = {isa = PBXBuildFile; fileRef = 601796711B88576500E11446 /* ZPTableEntity.swift */; };
		601796751B88582700E11446 /* ZPTableRowEntity.swift in Sources */ = {isa = PBXBuildFile; fileRef = 601796741B88582700E11446 /* ZPTableRowEntity.swift */; };
		601796761B88582700E11446 /* ZPTableRowEntity.swift in Sources */ = {isa = PBXBuildFile; fileRef = 601796741B88582700E11446 /* ZPTableRowEntity.swift */; };
		601796781B885A9900E11446 /* ZPTableBaseCell.swift in Sources */ = {isa = PBXBuildFile; fileRef = 601796771B885A9900E11446 /* ZPTableBaseCell.swift */; };
		601796791B885A9900E11446 /* ZPTableBaseCell.swift in Sources */ = {isa = PBXBuildFile; fileRef = 601796771B885A9900E11446 /* ZPTableBaseCell.swift */; };
		6017967B1B886E6100E11446 /* ZPAccountProfileDataSource.swift in Sources */ = {isa = PBXBuildFile; fileRef = 6017967A1B886E6100E11446 /* ZPAccountProfileDataSource.swift */; };
		6017967C1B886E6100E11446 /* ZPAccountProfileDataSource.swift in Sources */ = {isa = PBXBuildFile; fileRef = 6017967A1B886E6100E11446 /* ZPAccountProfileDataSource.swift */; };
		60330E751B7F19F80000343B /* Forza-BoldItalic.otf in Resources */ = {isa = PBXBuildFile; fileRef = 60330E6D1B7F19F80000343B /* Forza-BoldItalic.otf */; };
		60330E761B7F19F80000343B /* Forza-BoldItalic.otf in Resources */ = {isa = PBXBuildFile; fileRef = 60330E6D1B7F19F80000343B /* Forza-BoldItalic.otf */; };
		60330E771B7F19F80000343B /* Tungsten-Black.otf in Resources */ = {isa = PBXBuildFile; fileRef = 60330E6E1B7F19F80000343B /* Tungsten-Black.otf */; };
		60330E781B7F19F80000343B /* Tungsten-Black.otf in Resources */ = {isa = PBXBuildFile; fileRef = 60330E6E1B7F19F80000343B /* Tungsten-Black.otf */; };
		60330E791B7F19F80000343B /* Tungsten-Bold.otf in Resources */ = {isa = PBXBuildFile; fileRef = 60330E6F1B7F19F80000343B /* Tungsten-Bold.otf */; };
		60330E7A1B7F19F80000343B /* Tungsten-Bold.otf in Resources */ = {isa = PBXBuildFile; fileRef = 60330E6F1B7F19F80000343B /* Tungsten-Bold.otf */; };
		60330E7B1B7F19F80000343B /* Tungsten-Book.otf in Resources */ = {isa = PBXBuildFile; fileRef = 60330E701B7F19F80000343B /* Tungsten-Book.otf */; };
		60330E7C1B7F19F80000343B /* Tungsten-Book.otf in Resources */ = {isa = PBXBuildFile; fileRef = 60330E701B7F19F80000343B /* Tungsten-Book.otf */; };
		60330E7D1B7F19F80000343B /* Tungsten-Light.otf in Resources */ = {isa = PBXBuildFile; fileRef = 60330E711B7F19F80000343B /* Tungsten-Light.otf */; };
		60330E7E1B7F19F80000343B /* Tungsten-Light.otf in Resources */ = {isa = PBXBuildFile; fileRef = 60330E711B7F19F80000343B /* Tungsten-Light.otf */; };
		60330E7F1B7F19F80000343B /* Tungsten-Medium.otf in Resources */ = {isa = PBXBuildFile; fileRef = 60330E721B7F19F80000343B /* Tungsten-Medium.otf */; };
		60330E801B7F19F80000343B /* Tungsten-Medium.otf in Resources */ = {isa = PBXBuildFile; fileRef = 60330E721B7F19F80000343B /* Tungsten-Medium.otf */; };
		60330E811B7F19F80000343B /* Tungsten-Semibold.otf in Resources */ = {isa = PBXBuildFile; fileRef = 60330E731B7F19F80000343B /* Tungsten-Semibold.otf */; };
		60330E821B7F19F80000343B /* Tungsten-Semibold.otf in Resources */ = {isa = PBXBuildFile; fileRef = 60330E731B7F19F80000343B /* Tungsten-Semibold.otf */; };
		60330E831B7F19F80000343B /* Tungsten-XLight.otf in Resources */ = {isa = PBXBuildFile; fileRef = 60330E741B7F19F80000343B /* Tungsten-XLight.otf */; };
		60330E841B7F19F80000343B /* Tungsten-XLight.otf in Resources */ = {isa = PBXBuildFile; fileRef = 60330E741B7F19F80000343B /* Tungsten-XLight.otf */; };
		60330E8B1B7F1A050000343B /* 1.wav in Resources */ = {isa = PBXBuildFile; fileRef = 60330E861B7F1A050000343B /* 1.wav */; };
		60330E8C1B7F1A050000343B /* 1.wav in Resources */ = {isa = PBXBuildFile; fileRef = 60330E861B7F1A050000343B /* 1.wav */; };
		60330E8D1B7F1A050000343B /* 2.wav in Resources */ = {isa = PBXBuildFile; fileRef = 60330E871B7F1A050000343B /* 2.wav */; };
		60330E8E1B7F1A050000343B /* 2.wav in Resources */ = {isa = PBXBuildFile; fileRef = 60330E871B7F1A050000343B /* 2.wav */; };
		60330E8F1B7F1A050000343B /* 3.wav in Resources */ = {isa = PBXBuildFile; fileRef = 60330E881B7F1A050000343B /* 3.wav */; };
		60330E901B7F1A050000343B /* 3.wav in Resources */ = {isa = PBXBuildFile; fileRef = 60330E881B7F1A050000343B /* 3.wav */; };
		60330E911B7F1A050000343B /* Calibration_failed.wav in Resources */ = {isa = PBXBuildFile; fileRef = 60330E891B7F1A050000343B /* Calibration_failed.wav */; };
		60330E921B7F1A050000343B /* Calibration_failed.wav in Resources */ = {isa = PBXBuildFile; fileRef = 60330E891B7F1A050000343B /* Calibration_failed.wav */; };
		60330E931B7F1A050000343B /* Calibration_successful.wav in Resources */ = {isa = PBXBuildFile; fileRef = 60330E8A1B7F1A050000343B /* Calibration_successful.wav */; };
		60330E941B7F1A050000343B /* Calibration_successful.wav in Resources */ = {isa = PBXBuildFile; fileRef = 60330E8A1B7F1A050000343B /* Calibration_successful.wav */; };
		60330E961B7F296B0000343B /* AccountRegisterViewController.swift in Sources */ = {isa = PBXBuildFile; fileRef = 60330E951B7F296B0000343B /* AccountRegisterViewController.swift */; };
		60330E971B7F296B0000343B /* AccountRegisterViewController.swift in Sources */ = {isa = PBXBuildFile; fileRef = 60330E951B7F296B0000343B /* AccountRegisterViewController.swift */; };
		60330E991B7F2A880000343B /* ZPTextField.swift in Sources */ = {isa = PBXBuildFile; fileRef = 60330E981B7F2A880000343B /* ZPTextField.swift */; };
		60330E9A1B7F2A880000343B /* ZPTextField.swift in Sources */ = {isa = PBXBuildFile; fileRef = 60330E981B7F2A880000343B /* ZPTextField.swift */; };
		60330E9F1B8077A90000343B /* AccountRegisterProfileViewController.swift in Sources */ = {isa = PBXBuildFile; fileRef = 60330E9E1B8077A90000343B /* AccountRegisterProfileViewController.swift */; };
		60330EA01B8077A90000343B /* AccountRegisterProfileViewController.swift in Sources */ = {isa = PBXBuildFile; fileRef = 60330E9E1B8077A90000343B /* AccountRegisterProfileViewController.swift */; };
		60330EA21B8077F30000343B /* BaseTableViewController.swift in Sources */ = {isa = PBXBuildFile; fileRef = 60330EA11B8077F30000343B /* BaseTableViewController.swift */; };
		60330EA31B8077F30000343B /* BaseTableViewController.swift in Sources */ = {isa = PBXBuildFile; fileRef = 60330EA11B8077F30000343B /* BaseTableViewController.swift */; };
		6038FD461BAEA03B0046C52A /* ZPDialogPopoverView.xib in Resources */ = {isa = PBXBuildFile; fileRef = 6038FD451BAEA03B0046C52A /* ZPDialogPopoverView.xib */; settings = {ASSET_TAGS = (); }; };
		6038FD471BAEA03B0046C52A /* ZPDialogPopoverView.xib in Resources */ = {isa = PBXBuildFile; fileRef = 6038FD451BAEA03B0046C52A /* ZPDialogPopoverView.xib */; settings = {ASSET_TAGS = (); }; };
		6038FD491BAEA0570046C52A /* ZPDialogPopoverView.swift in Sources */ = {isa = PBXBuildFile; fileRef = 6038FD481BAEA0570046C52A /* ZPDialogPopoverView.swift */; settings = {ASSET_TAGS = (); }; };
		6038FD4A1BAEA0570046C52A /* ZPDialogPopoverView.swift in Sources */ = {isa = PBXBuildFile; fileRef = 6038FD481BAEA0570046C52A /* ZPDialogPopoverView.swift */; settings = {ASSET_TAGS = (); }; };
		6038FD4C1BAEA0980046C52A /* ZPPopoverView.swift in Sources */ = {isa = PBXBuildFile; fileRef = 6038FD4B1BAEA0980046C52A /* ZPPopoverView.swift */; settings = {ASSET_TAGS = (); }; };
		6038FD4D1BAEA0980046C52A /* ZPPopoverView.swift in Sources */ = {isa = PBXBuildFile; fileRef = 6038FD4B1BAEA0980046C52A /* ZPPopoverView.swift */; settings = {ASSET_TAGS = (); }; };
		6045C7231B98219500F1901A /* NSStringValidation.swift in Sources */ = {isa = PBXBuildFile; fileRef = 6045C7221B98219500F1901A /* NSStringValidation.swift */; };
		6045C7241B98219500F1901A /* NSStringValidation.swift in Sources */ = {isa = PBXBuildFile; fileRef = 6045C7221B98219500F1901A /* NSStringValidation.swift */; };
		604895891BB67F72002620C4 /* UIView+Initialization.swift in Sources */ = {isa = PBXBuildFile; fileRef = 604895881BB67F72002620C4 /* UIView+Initialization.swift */; settings = {ASSET_TAGS = (); }; };
		6048958A1BB67F72002620C4 /* UIView+Initialization.swift in Sources */ = {isa = PBXBuildFile; fileRef = 604895881BB67F72002620C4 /* UIView+Initialization.swift */; settings = {ASSET_TAGS = (); }; };
		605518B31B89A6E90000B031 /* ZPSingleSelectionTableSectionEntity.swift in Sources */ = {isa = PBXBuildFile; fileRef = 605518B21B89A6E90000B031 /* ZPSingleSelectionTableSectionEntity.swift */; };
		605518B41B89A6E90000B031 /* ZPSingleSelectionTableSectionEntity.swift in Sources */ = {isa = PBXBuildFile; fileRef = 605518B21B89A6E90000B031 /* ZPSingleSelectionTableSectionEntity.swift */; };
		605518B61B89AA0A0000B031 /* ZPTableSectionEntity.swift in Sources */ = {isa = PBXBuildFile; fileRef = 605518B51B89AA0A0000B031 /* ZPTableSectionEntity.swift */; };
		605518B71B89AA0A0000B031 /* ZPTableSectionEntity.swift in Sources */ = {isa = PBXBuildFile; fileRef = 605518B51B89AA0A0000B031 /* ZPTableSectionEntity.swift */; };
		605CCF7A1B76033700BF366C /* BaseViewController.swift in Sources */ = {isa = PBXBuildFile; fileRef = 605CCF791B76033700BF366C /* BaseViewController.swift */; };
		605CCF7B1B76033700BF366C /* BaseViewController.swift in Sources */ = {isa = PBXBuildFile; fileRef = 605CCF791B76033700BF366C /* BaseViewController.swift */; };
		605CCF7E1B7605FF00BF366C /* DismissBarButtonItem.swift in Sources */ = {isa = PBXBuildFile; fileRef = 605CCF7D1B7605FF00BF366C /* DismissBarButtonItem.swift */; };
		605CCF7F1B7605FF00BF366C /* DismissBarButtonItem.swift in Sources */ = {isa = PBXBuildFile; fileRef = 605CCF7D1B7605FF00BF366C /* DismissBarButtonItem.swift */; };
		605CCF821B76071000BF366C /* Utility.swift in Sources */ = {isa = PBXBuildFile; fileRef = 605CCF811B76071000BF366C /* Utility.swift */; };
		605CCF831B76071000BF366C /* Utility.swift in Sources */ = {isa = PBXBuildFile; fileRef = 605CCF811B76071000BF366C /* Utility.swift */; };
		605CCF861B7607D100BF366C /* UIBarButtonItem+ZPImageName.swift in Sources */ = {isa = PBXBuildFile; fileRef = 605CCF851B7607D100BF366C /* UIBarButtonItem+ZPImageName.swift */; };
		605CCF871B7607D100BF366C /* UIBarButtonItem+ZPImageName.swift in Sources */ = {isa = PBXBuildFile; fileRef = 605CCF851B7607D100BF366C /* UIBarButtonItem+ZPImageName.swift */; };
		605CCF891B77232A00BF366C /* UIGlobal.swift in Sources */ = {isa = PBXBuildFile; fileRef = 605CCF881B77232A00BF366C /* UIGlobal.swift */; };
		605CCF8A1B77232A00BF366C /* UIGlobal.swift in Sources */ = {isa = PBXBuildFile; fileRef = 605CCF881B77232A00BF366C /* UIGlobal.swift */; };
		605FBB8D1BB7BD5C00EC1260 /* ZPControl.swift in Sources */ = {isa = PBXBuildFile; fileRef = 605FBB8C1BB7BD5C00EC1260 /* ZPControl.swift */; settings = {ASSET_TAGS = (); }; };
		605FBB8E1BB7BD5C00EC1260 /* ZPControl.swift in Sources */ = {isa = PBXBuildFile; fileRef = 605FBB8C1BB7BD5C00EC1260 /* ZPControl.swift */; settings = {ASSET_TAGS = (); }; };
		605FBB901BB7C12700EC1260 /* ZEPP.swift in Sources */ = {isa = PBXBuildFile; fileRef = 605FBB8F1BB7C12700EC1260 /* ZEPP.swift */; settings = {ASSET_TAGS = (); }; };
		605FBB911BB7C12700EC1260 /* ZEPP.swift in Sources */ = {isa = PBXBuildFile; fileRef = 605FBB8F1BB7C12700EC1260 /* ZEPP.swift */; settings = {ASSET_TAGS = (); }; };
		605FBB931BB7C61400EC1260 /* ZPDismissBarButtonItem.swift in Sources */ = {isa = PBXBuildFile; fileRef = 605FBB921BB7C61400EC1260 /* ZPDismissBarButtonItem.swift */; settings = {ASSET_TAGS = (); }; };
		605FBB941BB7C61400EC1260 /* ZPDismissBarButtonItem.swift in Sources */ = {isa = PBXBuildFile; fileRef = 605FBB921BB7C61400EC1260 /* ZPDismissBarButtonItem.swift */; settings = {ASSET_TAGS = (); }; };
		606970B01B9196A700E4BB1A /* ZPTablePhotoSelectedCell.xib in Resources */ = {isa = PBXBuildFile; fileRef = 606970AF1B9196A700E4BB1A /* ZPTablePhotoSelectedCell.xib */; };
		606970B11B9196A700E4BB1A /* ZPTablePhotoSelectedCell.xib in Resources */ = {isa = PBXBuildFile; fileRef = 606970AF1B9196A700E4BB1A /* ZPTablePhotoSelectedCell.xib */; };
		606970BC1B91A20400E4BB1A /* ZPTablePhotoSelectedCell.swift in Sources */ = {isa = PBXBuildFile; fileRef = 606970BB1B91A20400E4BB1A /* ZPTablePhotoSelectedCell.swift */; };
		606970BD1B91A20400E4BB1A /* ZPTablePhotoSelectedCell.swift in Sources */ = {isa = PBXBuildFile; fileRef = 606970BB1B91A20400E4BB1A /* ZPTablePhotoSelectedCell.swift */; };
		606970C01B92DDB000E4BB1A /* ZPTableViewTextRowCell.swift in Sources */ = {isa = PBXBuildFile; fileRef = 606970BE1B92DDB000E4BB1A /* ZPTableViewTextRowCell.swift */; };
		606970C11B92DDB000E4BB1A /* ZPTableViewTextRowCell.swift in Sources */ = {isa = PBXBuildFile; fileRef = 606970BE1B92DDB000E4BB1A /* ZPTableViewTextRowCell.swift */; };
		606970C21B92DDB000E4BB1A /* ZPTableViewTextRowCell.xib in Resources */ = {isa = PBXBuildFile; fileRef = 606970BF1B92DDB000E4BB1A /* ZPTableViewTextRowCell.xib */; };
		606970C31B92DDB000E4BB1A /* ZPTableViewTextRowCell.xib in Resources */ = {isa = PBXBuildFile; fileRef = 606970BF1B92DDB000E4BB1A /* ZPTableViewTextRowCell.xib */; };
		606970C61B92EBCC00E4BB1A /* ZPTableViewButtonCell.swift in Sources */ = {isa = PBXBuildFile; fileRef = 606970C41B92EBCC00E4BB1A /* ZPTableViewButtonCell.swift */; };
		606970C71B92EBCC00E4BB1A /* ZPTableViewButtonCell.swift in Sources */ = {isa = PBXBuildFile; fileRef = 606970C41B92EBCC00E4BB1A /* ZPTableViewButtonCell.swift */; };
		606970C81B92EBCC00E4BB1A /* ZPTableViewButtonCell.xib in Resources */ = {isa = PBXBuildFile; fileRef = 606970C51B92EBCC00E4BB1A /* ZPTableViewButtonCell.xib */; };
		606970C91B92EBCC00E4BB1A /* ZPTableViewButtonCell.xib in Resources */ = {isa = PBXBuildFile; fileRef = 606970C51B92EBCC00E4BB1A /* ZPTableViewButtonCell.xib */; };
		60D099861B6CB15D00FA33A6 /* SoccerTests.swift in Sources */ = {isa = PBXBuildFile; fileRef = 60D099851B6CB15D00FA33A6 /* SoccerTests.swift */; };
		60D099AF1B6CB1CA00FA33A6 /* BasketballTests.swift in Sources */ = {isa = PBXBuildFile; fileRef = 60D099AE1B6CB1CA00FA33A6 /* BasketballTests.swift */; };
		60D099C81B6CB66C00FA33A6 /* AppDelegate.swift in Sources */ = {isa = PBXBuildFile; fileRef = 60D099BE1B6CB66C00FA33A6 /* AppDelegate.swift */; };
		60D099CA1B6CB66C00FA33A6 /* Main.storyboard in Resources */ = {isa = PBXBuildFile; fileRef = 60D099C11B6CB66C00FA33A6 /* Main.storyboard */; };
		60D099CD1B6CB66C00FA33A6 /* Soccer.xcdatamodeld in Sources */ = {isa = PBXBuildFile; fileRef = 60D099C51B6CB66C00FA33A6 /* Soccer.xcdatamodeld */; };
		60D099CE1B6CB66C00FA33A6 /* ViewController.swift in Sources */ = {isa = PBXBuildFile; fileRef = 60D099C71B6CB66C00FA33A6 /* ViewController.swift */; };
		60D099DA1B6CB68100FA33A6 /* AppDelegate.swift in Sources */ = {isa = PBXBuildFile; fileRef = 60D099D01B6CB68100FA33A6 /* AppDelegate.swift */; };
		60D099DC1B6CB68100FA33A6 /* Main.storyboard in Resources */ = {isa = PBXBuildFile; fileRef = 60D099D31B6CB68100FA33A6 /* Main.storyboard */; };
		60D099DD1B6CB68100FA33A6 /* Basketball.xcdatamodeld in Sources */ = {isa = PBXBuildFile; fileRef = 60D099D51B6CB68100FA33A6 /* Basketball.xcdatamodeld */; };
		60D099DE1B6CB68100FA33A6 /* Images.xcassets in Resources */ = {isa = PBXBuildFile; fileRef = 60D099D71B6CB68100FA33A6 /* Images.xcassets */; };
		60D099DF1B6CB68100FA33A6 /* Info.plist in Resources */ = {isa = PBXBuildFile; fileRef = 60D099D81B6CB68100FA33A6 /* Info.plist */; };
		60D099E01B6CB68100FA33A6 /* ViewController.swift in Sources */ = {isa = PBXBuildFile; fileRef = 60D099D91B6CB68100FA33A6 /* ViewController.swift */; };
		60D099E51B6CB76F00FA33A6 /* Images.xcassets in Resources */ = {isa = PBXBuildFile; fileRef = 60D099E41B6CB76F00FA33A6 /* Images.xcassets */; };
		60D099E71B6CB77E00FA33A6 /* soccer.plist in Resources */ = {isa = PBXBuildFile; fileRef = 60D099E61B6CB77E00FA33A6 /* soccer.plist */; };
		60D099F31B6CCEB200FA33A6 /* Launch.storyboard in Resources */ = {isa = PBXBuildFile; fileRef = 60D099EF1B6CCEB200FA33A6 /* Launch.storyboard */; };
		60D099F41B6CCEB200FA33A6 /* Launch.storyboard in Resources */ = {isa = PBXBuildFile; fileRef = 60D099EF1B6CCEB200FA33A6 /* Launch.storyboard */; };
		60D099F51B6CCEB200FA33A6 /* Images.xcassets in Resources */ = {isa = PBXBuildFile; fileRef = 60D099F21B6CCEB200FA33A6 /* Images.xcassets */; };
		60D099F61B6CCEB200FA33A6 /* Images.xcassets in Resources */ = {isa = PBXBuildFile; fileRef = 60D099F21B6CCEB200FA33A6 /* Images.xcassets */; };
		60D099F81B6DEC7E00FA33A6 /* Main.storyboard in Resources */ = {isa = PBXBuildFile; fileRef = 60D099F71B6DEC7E00FA33A6 /* Main.storyboard */; };
		60D099F91B6DEC7E00FA33A6 /* Main.storyboard in Resources */ = {isa = PBXBuildFile; fileRef = 60D099F71B6DEC7E00FA33A6 /* Main.storyboard */; };
		60D099FB1B6DED0F00FA33A6 /* SportMainViewController.swift in Sources */ = {isa = PBXBuildFile; fileRef = 60D099FA1B6DED0F00FA33A6 /* SportMainViewController.swift */; };
		60D099FC1B6DED0F00FA33A6 /* SportMainViewController.swift in Sources */ = {isa = PBXBuildFile; fileRef = 60D099FA1B6DED0F00FA33A6 /* SportMainViewController.swift */; };
		60D09A041B6E06E500FA33A6 /* SportAccountGetStartedViewController.swift in Sources */ = {isa = PBXBuildFile; fileRef = 60D09A031B6E06E500FA33A6 /* SportAccountGetStartedViewController.swift */; };
		60D09A051B6E06E500FA33A6 /* SportAccountGetStartedViewController.swift in Sources */ = {isa = PBXBuildFile; fileRef = 60D09A031B6E06E500FA33A6 /* SportAccountGetStartedViewController.swift */; };
		60EA84D41BA41AD50016D752 /* Account.storyboard in Resources */ = {isa = PBXBuildFile; fileRef = 60EA84D71BA41AD50016D752 /* Account.storyboard */; };
		60EA84D51BA41AD50016D752 /* Account.storyboard in Resources */ = {isa = PBXBuildFile; fileRef = 60EA84D71BA41AD50016D752 /* Account.storyboard */; };
		60EA84DE1BA41BA60016D752 /* Localizable.strings in Resources */ = {isa = PBXBuildFile; fileRef = 60EA84E11BA41BA60016D752 /* Localizable.strings */; };
		60EA84DF1BA41BA60016D752 /* Localizable.strings in Resources */ = {isa = PBXBuildFile; fileRef = 60EA84E11BA41BA60016D752 /* Localizable.strings */; };
		60EA84E41BA421240016D752 /* NSStringLocalization.swift in Sources */ = {isa = PBXBuildFile; fileRef = 60EA84E31BA421240016D752 /* NSStringLocalization.swift */; };
		60EA84E51BA421240016D752 /* NSStringLocalization.swift in Sources */ = {isa = PBXBuildFile; fileRef = 60EA84E31BA421240016D752 /* NSStringLocalization.swift */; };
		6CB0861F798E124AF7724FA3 /* Pods.framework in Frameworks */ = {isa = PBXBuildFile; fileRef = A5A2868B9D69E663E61F86F6 /* Pods.framework */; settings = {ATTRIBUTES = (Weak, ); }; };
/* End PBXBuildFile section */

/* Begin PBXContainerItemProxy section */
		60D099801B6CB15D00FA33A6 /* PBXContainerItemProxy */ = {
			isa = PBXContainerItemProxy;
			containerPortal = 60D099311B6CAF9600FA33A6 /* Project object */;
			proxyType = 1;
			remoteGlobalIDString = 60D099671B6CB15D00FA33A6;
			remoteInfo = Soccer;
		};
		60D099A91B6CB1CA00FA33A6 /* PBXContainerItemProxy */ = {
			isa = PBXContainerItemProxy;
			containerPortal = 60D099311B6CAF9600FA33A6 /* Project object */;
			proxyType = 1;
			remoteGlobalIDString = 60D099901B6CB1CA00FA33A6;
			remoteInfo = Basketball;
		};
/* End PBXContainerItemProxy section */

/* Begin PBXFileReference section */
		601526131BC4FA2F00A78EBC /* ZPTableHeaderView.swift */ = {isa = PBXFileReference; fileEncoding = 4; lastKnownFileType = sourcecode.swift; path = ZPTableHeaderView.swift; sourceTree = "<group>"; };
		6017966E1B88559200E11446 /* ZPTableDataSource.swift */ = {isa = PBXFileReference; fileEncoding = 4; lastKnownFileType = sourcecode.swift; path = ZPTableDataSource.swift; sourceTree = "<group>"; };
		601796711B88576500E11446 /* ZPTableEntity.swift */ = {isa = PBXFileReference; fileEncoding = 4; lastKnownFileType = sourcecode.swift; path = ZPTableEntity.swift; sourceTree = "<group>"; };
		601796741B88582700E11446 /* ZPTableRowEntity.swift */ = {isa = PBXFileReference; fileEncoding = 4; lastKnownFileType = sourcecode.swift; path = ZPTableRowEntity.swift; sourceTree = "<group>"; };
		601796771B885A9900E11446 /* ZPTableBaseCell.swift */ = {isa = PBXFileReference; fileEncoding = 4; lastKnownFileType = sourcecode.swift; path = ZPTableBaseCell.swift; sourceTree = "<group>"; };
		6017967A1B886E6100E11446 /* ZPAccountProfileDataSource.swift */ = {isa = PBXFileReference; fileEncoding = 4; lastKnownFileType = sourcecode.swift; path = ZPAccountProfileDataSource.swift; sourceTree = "<group>"; };
		60330E6D1B7F19F80000343B /* Forza-BoldItalic.otf */ = {isa = PBXFileReference; lastKnownFileType = file; path = "Forza-BoldItalic.otf"; sourceTree = "<group>"; };
		60330E6E1B7F19F80000343B /* Tungsten-Black.otf */ = {isa = PBXFileReference; lastKnownFileType = file; path = "Tungsten-Black.otf"; sourceTree = "<group>"; };
		60330E6F1B7F19F80000343B /* Tungsten-Bold.otf */ = {isa = PBXFileReference; lastKnownFileType = file; path = "Tungsten-Bold.otf"; sourceTree = "<group>"; };
		60330E701B7F19F80000343B /* Tungsten-Book.otf */ = {isa = PBXFileReference; lastKnownFileType = file; path = "Tungsten-Book.otf"; sourceTree = "<group>"; };
		60330E711B7F19F80000343B /* Tungsten-Light.otf */ = {isa = PBXFileReference; lastKnownFileType = file; path = "Tungsten-Light.otf"; sourceTree = "<group>"; };
		60330E721B7F19F80000343B /* Tungsten-Medium.otf */ = {isa = PBXFileReference; lastKnownFileType = file; path = "Tungsten-Medium.otf"; sourceTree = "<group>"; };
		60330E731B7F19F80000343B /* Tungsten-Semibold.otf */ = {isa = PBXFileReference; lastKnownFileType = file; path = "Tungsten-Semibold.otf"; sourceTree = "<group>"; };
		60330E741B7F19F80000343B /* Tungsten-XLight.otf */ = {isa = PBXFileReference; lastKnownFileType = file; path = "Tungsten-XLight.otf"; sourceTree = "<group>"; };
		60330E861B7F1A050000343B /* 1.wav */ = {isa = PBXFileReference; lastKnownFileType = audio.wav; path = 1.wav; sourceTree = "<group>"; };
		60330E871B7F1A050000343B /* 2.wav */ = {isa = PBXFileReference; lastKnownFileType = audio.wav; path = 2.wav; sourceTree = "<group>"; };
		60330E881B7F1A050000343B /* 3.wav */ = {isa = PBXFileReference; lastKnownFileType = audio.wav; path = 3.wav; sourceTree = "<group>"; };
		60330E891B7F1A050000343B /* Calibration_failed.wav */ = {isa = PBXFileReference; lastKnownFileType = audio.wav; path = Calibration_failed.wav; sourceTree = "<group>"; };
		60330E8A1B7F1A050000343B /* Calibration_successful.wav */ = {isa = PBXFileReference; lastKnownFileType = audio.wav; path = Calibration_successful.wav; sourceTree = "<group>"; };
		60330E951B7F296B0000343B /* AccountRegisterViewController.swift */ = {isa = PBXFileReference; fileEncoding = 4; lastKnownFileType = sourcecode.swift; path = AccountRegisterViewController.swift; sourceTree = "<group>"; };
		60330E981B7F2A880000343B /* ZPTextField.swift */ = {isa = PBXFileReference; fileEncoding = 4; lastKnownFileType = sourcecode.swift; path = ZPTextField.swift; sourceTree = "<group>"; };
		60330E9E1B8077A90000343B /* AccountRegisterProfileViewController.swift */ = {isa = PBXFileReference; fileEncoding = 4; lastKnownFileType = sourcecode.swift; path = AccountRegisterProfileViewController.swift; sourceTree = "<group>"; };
		60330EA11B8077F30000343B /* BaseTableViewController.swift */ = {isa = PBXFileReference; fileEncoding = 4; lastKnownFileType = sourcecode.swift; name = BaseTableViewController.swift; path = Account/BaseTableViewController.swift; sourceTree = "<group>"; };
		6038FD451BAEA03B0046C52A /* ZPDialogPopoverView.xib */ = {isa = PBXFileReference; fileEncoding = 4; lastKnownFileType = file.xib; path = ZPDialogPopoverView.xib; sourceTree = "<group>"; };
		6038FD481BAEA0570046C52A /* ZPDialogPopoverView.swift */ = {isa = PBXFileReference; fileEncoding = 4; lastKnownFileType = sourcecode.swift; path = ZPDialogPopoverView.swift; sourceTree = "<group>"; };
		6038FD4B1BAEA0980046C52A /* ZPPopoverView.swift */ = {isa = PBXFileReference; fileEncoding = 4; lastKnownFileType = sourcecode.swift; path = ZPPopoverView.swift; sourceTree = "<group>"; };
		6045C7221B98219500F1901A /* NSStringValidation.swift */ = {isa = PBXFileReference; fileEncoding = 4; lastKnownFileType = sourcecode.swift; path = NSStringValidation.swift; sourceTree = "<group>"; };
		6045C72B1B98350A00F1901A /* Soccer-Bridging-Header.h */ = {isa = PBXFileReference; lastKnownFileType = sourcecode.c.h; path = "Soccer-Bridging-Header.h"; sourceTree = "<group>"; };
		6045C72C1B98350A00F1901A /* Basketball-Bridging-Header.h */ = {isa = PBXFileReference; lastKnownFileType = sourcecode.c.h; path = "Basketball-Bridging-Header.h"; sourceTree = "<group>"; };
		604895881BB67F72002620C4 /* UIView+Initialization.swift */ = {isa = PBXFileReference; fileEncoding = 4; lastKnownFileType = sourcecode.swift; path = "UIView+Initialization.swift"; sourceTree = "<group>"; };
		605518B21B89A6E90000B031 /* ZPSingleSelectionTableSectionEntity.swift */ = {isa = PBXFileReference; fileEncoding = 4; lastKnownFileType = sourcecode.swift; path = ZPSingleSelectionTableSectionEntity.swift; sourceTree = "<group>"; };
		605518B51B89AA0A0000B031 /* ZPTableSectionEntity.swift */ = {isa = PBXFileReference; fileEncoding = 4; lastKnownFileType = sourcecode.swift; path = ZPTableSectionEntity.swift; sourceTree = "<group>"; };
		605CCF791B76033700BF366C /* BaseViewController.swift */ = {isa = PBXFileReference; fileEncoding = 4; lastKnownFileType = sourcecode.swift; path = BaseViewController.swift; sourceTree = "<group>"; };
		605CCF7D1B7605FF00BF366C /* DismissBarButtonItem.swift */ = {isa = PBXFileReference; fileEncoding = 4; lastKnownFileType = sourcecode.swift; path = DismissBarButtonItem.swift; sourceTree = "<group>"; };
		605CCF811B76071000BF366C /* Utility.swift */ = {isa = PBXFileReference; fileEncoding = 4; lastKnownFileType = sourcecode.swift; path = Utility.swift; sourceTree = "<group>"; };
		605CCF851B7607D100BF366C /* UIBarButtonItem+ZPImageName.swift */ = {isa = PBXFileReference; fileEncoding = 4; lastKnownFileType = sourcecode.swift; path = "UIBarButtonItem+ZPImageName.swift"; sourceTree = "<group>"; };
		605CCF881B77232A00BF366C /* UIGlobal.swift */ = {isa = PBXFileReference; fileEncoding = 4; lastKnownFileType = sourcecode.swift; path = UIGlobal.swift; sourceTree = "<group>"; };
		605FBB8C1BB7BD5C00EC1260 /* ZPControl.swift */ = {isa = PBXFileReference; fileEncoding = 4; lastKnownFileType = sourcecode.swift; name = ZPControl.swift; path = Extension/ZPControl.swift; sourceTree = "<group>"; };
		605FBB8F1BB7C12700EC1260 /* ZEPP.swift */ = {isa = PBXFileReference; fileEncoding = 4; lastKnownFileType = sourcecode.swift; path = ZEPP.swift; sourceTree = "<group>"; };
		605FBB921BB7C61400EC1260 /* ZPDismissBarButtonItem.swift */ = {isa = PBXFileReference; fileEncoding = 4; lastKnownFileType = sourcecode.swift; path = ZPDismissBarButtonItem.swift; sourceTree = "<group>"; };
		606970AF1B9196A700E4BB1A /* ZPTablePhotoSelectedCell.xib */ = {isa = PBXFileReference; fileEncoding = 4; lastKnownFileType = file.xib; path = ZPTablePhotoSelectedCell.xib; sourceTree = "<group>"; };
		606970BB1B91A20400E4BB1A /* ZPTablePhotoSelectedCell.swift */ = {isa = PBXFileReference; fileEncoding = 4; lastKnownFileType = sourcecode.swift; path = ZPTablePhotoSelectedCell.swift; sourceTree = "<group>"; };
		606970BE1B92DDB000E4BB1A /* ZPTableViewTextRowCell.swift */ = {isa = PBXFileReference; fileEncoding = 4; lastKnownFileType = sourcecode.swift; path = ZPTableViewTextRowCell.swift; sourceTree = "<group>"; };
		606970BF1B92DDB000E4BB1A /* ZPTableViewTextRowCell.xib */ = {isa = PBXFileReference; fileEncoding = 4; lastKnownFileType = file.xib; path = ZPTableViewTextRowCell.xib; sourceTree = "<group>"; };
		606970C41B92EBCC00E4BB1A /* ZPTableViewButtonCell.swift */ = {isa = PBXFileReference; fileEncoding = 4; lastKnownFileType = sourcecode.swift; path = ZPTableViewButtonCell.swift; sourceTree = "<group>"; };
		606970C51B92EBCC00E4BB1A /* ZPTableViewButtonCell.xib */ = {isa = PBXFileReference; fileEncoding = 4; lastKnownFileType = file.xib; path = ZPTableViewButtonCell.xib; sourceTree = "<group>"; };
		60D099681B6CB15D00FA33A6 /* Soccer.app */ = {isa = PBXFileReference; explicitFileType = wrapper.application; includeInIndex = 0; path = Soccer.app; sourceTree = BUILT_PRODUCTS_DIR; };
		60D0997F1B6CB15D00FA33A6 /* SoccerTests.xctest */ = {isa = PBXFileReference; explicitFileType = wrapper.cfbundle; includeInIndex = 0; path = SoccerTests.xctest; sourceTree = BUILT_PRODUCTS_DIR; };
		60D099841B6CB15D00FA33A6 /* Info.plist */ = {isa = PBXFileReference; lastKnownFileType = text.plist.xml; path = Info.plist; sourceTree = "<group>"; };
		60D099851B6CB15D00FA33A6 /* SoccerTests.swift */ = {isa = PBXFileReference; lastKnownFileType = sourcecode.swift; path = SoccerTests.swift; sourceTree = "<group>"; };
		60D099911B6CB1CA00FA33A6 /* Basketball.app */ = {isa = PBXFileReference; explicitFileType = wrapper.application; includeInIndex = 0; path = Basketball.app; sourceTree = BUILT_PRODUCTS_DIR; };
		60D099A81B6CB1CA00FA33A6 /* BasketballTests.xctest */ = {isa = PBXFileReference; explicitFileType = wrapper.cfbundle; includeInIndex = 0; path = BasketballTests.xctest; sourceTree = BUILT_PRODUCTS_DIR; };
		60D099AD1B6CB1CA00FA33A6 /* Info.plist */ = {isa = PBXFileReference; lastKnownFileType = text.plist.xml; path = Info.plist; sourceTree = "<group>"; };
		60D099AE1B6CB1CA00FA33A6 /* BasketballTests.swift */ = {isa = PBXFileReference; lastKnownFileType = sourcecode.swift; path = BasketballTests.swift; sourceTree = "<group>"; };
		60D099BE1B6CB66C00FA33A6 /* AppDelegate.swift */ = {isa = PBXFileReference; fileEncoding = 4; lastKnownFileType = sourcecode.swift; path = AppDelegate.swift; sourceTree = "<group>"; };
		60D099C21B6CB66C00FA33A6 /* Base */ = {isa = PBXFileReference; lastKnownFileType = file.storyboard; name = Base; path = Base.lproj/Main.storyboard; sourceTree = "<group>"; };
		60D099C61B6CB66C00FA33A6 /* Soccer.xcdatamodel */ = {isa = PBXFileReference; lastKnownFileType = wrapper.xcdatamodel; path = Soccer.xcdatamodel; sourceTree = "<group>"; };
		60D099C71B6CB66C00FA33A6 /* ViewController.swift */ = {isa = PBXFileReference; fileEncoding = 4; lastKnownFileType = sourcecode.swift; path = ViewController.swift; sourceTree = "<group>"; };
		60D099D01B6CB68100FA33A6 /* AppDelegate.swift */ = {isa = PBXFileReference; fileEncoding = 4; lastKnownFileType = sourcecode.swift; path = AppDelegate.swift; sourceTree = "<group>"; };
		60D099D41B6CB68100FA33A6 /* Base */ = {isa = PBXFileReference; lastKnownFileType = file.storyboard; name = Base; path = Base.lproj/Main.storyboard; sourceTree = "<group>"; };
		60D099D61B6CB68100FA33A6 /* Basketball.xcdatamodel */ = {isa = PBXFileReference; lastKnownFileType = wrapper.xcdatamodel; path = Basketball.xcdatamodel; sourceTree = "<group>"; };
		60D099D71B6CB68100FA33A6 /* Images.xcassets */ = {isa = PBXFileReference; lastKnownFileType = folder.assetcatalog; path = Images.xcassets; sourceTree = "<group>"; };
		60D099D81B6CB68100FA33A6 /* Info.plist */ = {isa = PBXFileReference; fileEncoding = 4; lastKnownFileType = text.plist.xml; path = Info.plist; sourceTree = "<group>"; };
		60D099D91B6CB68100FA33A6 /* ViewController.swift */ = {isa = PBXFileReference; fileEncoding = 4; lastKnownFileType = sourcecode.swift; path = ViewController.swift; sourceTree = "<group>"; };
		60D099E41B6CB76F00FA33A6 /* Images.xcassets */ = {isa = PBXFileReference; lastKnownFileType = folder.assetcatalog; path = Images.xcassets; sourceTree = "<group>"; };
		60D099E61B6CB77E00FA33A6 /* soccer.plist */ = {isa = PBXFileReference; fileEncoding = 4; lastKnownFileType = text.plist.xml; path = soccer.plist; sourceTree = "<group>"; };
		60D099EF1B6CCEB200FA33A6 /* Launch.storyboard */ = {isa = PBXFileReference; fileEncoding = 4; lastKnownFileType = file.storyboard; path = Launch.storyboard; sourceTree = "<group>"; };
		60D099F21B6CCEB200FA33A6 /* Images.xcassets */ = {isa = PBXFileReference; lastKnownFileType = folder.assetcatalog; path = Images.xcassets; sourceTree = "<group>"; };
		60D099F71B6DEC7E00FA33A6 /* Main.storyboard */ = {isa = PBXFileReference; fileEncoding = 4; lastKnownFileType = file.storyboard; path = Main.storyboard; sourceTree = "<group>"; };
		60D099FA1B6DED0F00FA33A6 /* SportMainViewController.swift */ = {isa = PBXFileReference; fileEncoding = 4; lastKnownFileType = sourcecode.swift; path = SportMainViewController.swift; sourceTree = "<group>"; };
		60D09A031B6E06E500FA33A6 /* SportAccountGetStartedViewController.swift */ = {isa = PBXFileReference; fileEncoding = 4; lastKnownFileType = sourcecode.swift; path = SportAccountGetStartedViewController.swift; sourceTree = "<group>"; };
		60EA84D61BA41AD50016D752 /* Base */ = {isa = PBXFileReference; lastKnownFileType = file.storyboard; name = Base; path = Base.lproj/Account.storyboard; sourceTree = "<group>"; };
		60EA84D91BA41ADC0016D752 /* en */ = {isa = PBXFileReference; lastKnownFileType = text.plist.strings; name = en; path = en.lproj/Account.strings; sourceTree = "<group>"; };
		60EA84E01BA41BA60016D752 /* Base */ = {isa = PBXFileReference; lastKnownFileType = text.plist.strings; name = Base; path = Base.lproj/Localizable.strings; sourceTree = "<group>"; };
		60EA84E21BA41BA90016D752 /* en */ = {isa = PBXFileReference; lastKnownFileType = text.plist.strings; name = en; path = en.lproj/Localizable.strings; sourceTree = "<group>"; };
		60EA84E31BA421240016D752 /* NSStringLocalization.swift */ = {isa = PBXFileReference; fileEncoding = 4; lastKnownFileType = sourcecode.swift; path = NSStringLocalization.swift; sourceTree = "<group>"; };
		6D6C1DC140286799D6A2D719 /* Pods.debug.xcconfig */ = {isa = PBXFileReference; includeInIndex = 1; lastKnownFileType = text.xcconfig; name = Pods.debug.xcconfig; path = "Pods/Target Support Files/Pods/Pods.debug.xcconfig"; sourceTree = "<group>"; };
		A5A2868B9D69E663E61F86F6 /* Pods.framework */ = {isa = PBXFileReference; explicitFileType = wrapper.framework; includeInIndex = 0; path = Pods.framework; sourceTree = BUILT_PRODUCTS_DIR; };
		FEC00C303000C395FA836C3C /* Pods.release.xcconfig */ = {isa = PBXFileReference; includeInIndex = 1; lastKnownFileType = text.xcconfig; name = Pods.release.xcconfig; path = "Pods/Target Support Files/Pods/Pods.release.xcconfig"; sourceTree = "<group>"; };
/* End PBXFileReference section */

/* Begin PBXFrameworksBuildPhase section */
		60D099651B6CB15D00FA33A6 /* Frameworks */ = {
			isa = PBXFrameworksBuildPhase;
			buildActionMask = 2147483647;
			files = (
				6CB0861F798E124AF7724FA3 /* Pods.framework in Frameworks */,
			);
			runOnlyForDeploymentPostprocessing = 0;
		};
		60D0997C1B6CB15D00FA33A6 /* Frameworks */ = {
			isa = PBXFrameworksBuildPhase;
			buildActionMask = 2147483647;
			files = (
			);
			runOnlyForDeploymentPostprocessing = 0;
		};
		60D0998E1B6CB1CA00FA33A6 /* Frameworks */ = {
			isa = PBXFrameworksBuildPhase;
			buildActionMask = 2147483647;
			files = (
			);
			runOnlyForDeploymentPostprocessing = 0;
		};
		60D099A51B6CB1CA00FA33A6 /* Frameworks */ = {
			isa = PBXFrameworksBuildPhase;
			buildActionMask = 2147483647;
			files = (
			);
			runOnlyForDeploymentPostprocessing = 0;
		};
/* End PBXFrameworksBuildPhase section */

/* Begin PBXGroup section */
		57BF025180FD6A82DB948E63 /* Frameworks */ = {
			isa = PBXGroup;
			children = (
				A5A2868B9D69E663E61F86F6 /* Pods.framework */,
			);
			name = Frameworks;
			sourceTree = "<group>";
		};
		6017966D1B88555800E11446 /* TableViewCell */ = {
			isa = PBXGroup;
			children = (
				6017966E1B88559200E11446 /* ZPTableDataSource.swift */,
				601796711B88576500E11446 /* ZPTableEntity.swift */,
				601796741B88582700E11446 /* ZPTableRowEntity.swift */,
				601796771B885A9900E11446 /* ZPTableBaseCell.swift */,
				605518B21B89A6E90000B031 /* ZPSingleSelectionTableSectionEntity.swift */,
				605518B51B89AA0A0000B031 /* ZPTableSectionEntity.swift */,
				606970AF1B9196A700E4BB1A /* ZPTablePhotoSelectedCell.xib */,
				606970BB1B91A20400E4BB1A /* ZPTablePhotoSelectedCell.swift */,
				606970BE1B92DDB000E4BB1A /* ZPTableViewTextRowCell.swift */,
				606970BF1B92DDB000E4BB1A /* ZPTableViewTextRowCell.xib */,
				606970C41B92EBCC00E4BB1A /* ZPTableViewButtonCell.swift */,
				606970C51B92EBCC00E4BB1A /* ZPTableViewButtonCell.xib */,
			);
			path = TableViewCell;
			sourceTree = "<group>";
		};
		60330E6C1B7F19F80000343B /* Fonts */ = {
			isa = PBXGroup;
			children = (
				60330E6D1B7F19F80000343B /* Forza-BoldItalic.otf */,
				60330E6E1B7F19F80000343B /* Tungsten-Black.otf */,
				60330E6F1B7F19F80000343B /* Tungsten-Bold.otf */,
				60330E701B7F19F80000343B /* Tungsten-Book.otf */,
				60330E711B7F19F80000343B /* Tungsten-Light.otf */,
				60330E721B7F19F80000343B /* Tungsten-Medium.otf */,
				60330E731B7F19F80000343B /* Tungsten-Semibold.otf */,
				60330E741B7F19F80000343B /* Tungsten-XLight.otf */,
			);
			path = Fonts;
			sourceTree = "<group>";
		};
		60330E851B7F1A050000343B /* Sounds */ = {
			isa = PBXGroup;
			children = (
				60330E861B7F1A050000343B /* 1.wav */,
				60330E871B7F1A050000343B /* 2.wav */,
				60330E881B7F1A050000343B /* 3.wav */,
				60330E891B7F1A050000343B /* Calibration_failed.wav */,
				60330E8A1B7F1A050000343B /* Calibration_successful.wav */,
			);
			path = Sounds;
			sourceTree = "<group>";
		};
		6038FD441BAEA0000046C52A /* popover */ = {
			isa = PBXGroup;
			children = (
				6038FD451BAEA03B0046C52A /* ZPDialogPopoverView.xib */,
				6038FD481BAEA0570046C52A /* ZPDialogPopoverView.swift */,
				6038FD4B1BAEA0980046C52A /* ZPPopoverView.swift */,
			);
			path = popover;
			sourceTree = "<group>";
		};
		605CCF7C1B7605AA00BF366C /* view */ = {
			isa = PBXGroup;
			children = (
				6038FD441BAEA0000046C52A /* popover */,
				6017966D1B88555800E11446 /* TableViewCell */,
				605CCF7D1B7605FF00BF366C /* DismissBarButtonItem.swift */,
				60330E981B7F2A880000343B /* ZPTextField.swift */,
				6045C72B1B98350A00F1901A /* Soccer-Bridging-Header.h */,
				6045C72C1B98350A00F1901A /* Basketball-Bridging-Header.h */,
				605FBB921BB7C61400EC1260 /* ZPDismissBarButtonItem.swift */,
				601526131BC4FA2F00A78EBC /* ZPTableHeaderView.swift */,
			);
			path = view;
			sourceTree = "<group>";
		};
		605CCF801B7606F000BF366C /* utility */ = {
			isa = PBXGroup;
			children = (
				605CCF841B76078700BF366C /* Extension */,
				605CCF811B76071000BF366C /* Utility.swift */,
				605CCF881B77232A00BF366C /* UIGlobal.swift */,
				6045C7221B98219500F1901A /* NSStringValidation.swift */,
				60EA84E31BA421240016D752 /* NSStringLocalization.swift */,
				605FBB8C1BB7BD5C00EC1260 /* ZPControl.swift */,
				605FBB8F1BB7C12700EC1260 /* ZEPP.swift */,
			);
			path = utility;
			sourceTree = "<group>";
		};
		605CCF841B76078700BF366C /* Extension */ = {
			isa = PBXGroup;
			children = (
				605CCF851B7607D100BF366C /* UIBarButtonItem+ZPImageName.swift */,
				604895881BB67F72002620C4 /* UIView+Initialization.swift */,
			);
			path = Extension;
			sourceTree = "<group>";
		};
		60D099301B6CAF9600FA33A6 = {
			isa = PBXGroup;
			children = (
				60D0993B1B6CAF9600FA33A6 /* SportDemo */,
				60D099541B6CAF9600FA33A6 /* SportDemoTests */,
				60D0993A1B6CAF9600FA33A6 /* Products */,
				7014826CEA71C90C7AC9C786 /* Pods */,
				57BF025180FD6A82DB948E63 /* Frameworks */,
			);
			sourceTree = "<group>";
		};
		60D0993A1B6CAF9600FA33A6 /* Products */ = {
			isa = PBXGroup;
			children = (
				60D099681B6CB15D00FA33A6 /* Soccer.app */,
				60D0997F1B6CB15D00FA33A6 /* SoccerTests.xctest */,
				60D099911B6CB1CA00FA33A6 /* Basketball.app */,
				60D099A81B6CB1CA00FA33A6 /* BasketballTests.xctest */,
			);
			name = Products;
			sourceTree = "<group>";
		};
		60D0993B1B6CAF9600FA33A6 /* SportDemo */ = {
			isa = PBXGroup;
			children = (
				60D099EC1B6CCEB200FA33A6 /* Shared */,
				60D099CF1B6CB68100FA33A6 /* Basketball */,
				60D099BD1B6CB66C00FA33A6 /* Soccer */,
			);
			path = SportDemo;
			sourceTree = "<group>";
		};
		60D099541B6CAF9600FA33A6 /* SportDemoTests */ = {
			isa = PBXGroup;
			children = (
				60D099AB1B6CB1CA00FA33A6 /* BasketballTests */,
				60D099821B6CB15D00FA33A6 /* SoccerTests */,
			);
			path = SportDemoTests;
			sourceTree = "<group>";
		};
		60D099821B6CB15D00FA33A6 /* SoccerTests */ = {
			isa = PBXGroup;
			children = (
				60D099851B6CB15D00FA33A6 /* SoccerTests.swift */,
				60D099831B6CB15D00FA33A6 /* Supporting Files */,
			);
			name = SoccerTests;
			path = ../SoccerTests;
			sourceTree = "<group>";
		};
		60D099831B6CB15D00FA33A6 /* Supporting Files */ = {
			isa = PBXGroup;
			children = (
				60D099841B6CB15D00FA33A6 /* Info.plist */,
			);
			name = "Supporting Files";
			sourceTree = "<group>";
		};
		60D099AB1B6CB1CA00FA33A6 /* BasketballTests */ = {
			isa = PBXGroup;
			children = (
				60D099AE1B6CB1CA00FA33A6 /* BasketballTests.swift */,
				60D099AC1B6CB1CA00FA33A6 /* Supporting Files */,
			);
			name = BasketballTests;
			path = ../BasketballTests;
			sourceTree = "<group>";
		};
		60D099AC1B6CB1CA00FA33A6 /* Supporting Files */ = {
			isa = PBXGroup;
			children = (
				60D099AD1B6CB1CA00FA33A6 /* Info.plist */,
			);
			name = "Supporting Files";
			sourceTree = "<group>";
		};
		60D099BD1B6CB66C00FA33A6 /* Soccer */ = {
			isa = PBXGroup;
			children = (
				60D099E11B6CB6E600FA33A6 /* Resources */,
				60D099BE1B6CB66C00FA33A6 /* AppDelegate.swift */,
				60D099C11B6CB66C00FA33A6 /* Main.storyboard */,
				60D099C51B6CB66C00FA33A6 /* Soccer.xcdatamodeld */,
				60D099C71B6CB66C00FA33A6 /* ViewController.swift */,
			);
			path = Soccer;
			sourceTree = "<group>";
		};
		60D099CF1B6CB68100FA33A6 /* Basketball */ = {
			isa = PBXGroup;
			children = (
				60D099D01B6CB68100FA33A6 /* AppDelegate.swift */,
				60D099D31B6CB68100FA33A6 /* Main.storyboard */,
				60D099D51B6CB68100FA33A6 /* Basketball.xcdatamodeld */,
				60D099D71B6CB68100FA33A6 /* Images.xcassets */,
				60D099D81B6CB68100FA33A6 /* Info.plist */,
				60D099D91B6CB68100FA33A6 /* ViewController.swift */,
			);
			path = Basketball;
			sourceTree = "<group>";
		};
		60D099E11B6CB6E600FA33A6 /* Resources */ = {
			isa = PBXGroup;
			children = (
				60D099E21B6CB6E600FA33A6 /* Images */,
				60D099E31B6CB6E600FA33A6 /* InfoPlist */,
			);
			path = Resources;
			sourceTree = "<group>";
		};
		60D099E21B6CB6E600FA33A6 /* Images */ = {
			isa = PBXGroup;
			children = (
				60D099E41B6CB76F00FA33A6 /* Images.xcassets */,
			);
			path = Images;
			sourceTree = "<group>";
		};
		60D099E31B6CB6E600FA33A6 /* InfoPlist */ = {
			isa = PBXGroup;
			children = (
				60D099E61B6CB77E00FA33A6 /* soccer.plist */,
			);
			path = InfoPlist;
			sourceTree = "<group>";
		};
		60D099EC1B6CCEB200FA33A6 /* Shared */ = {
			isa = PBXGroup;
			children = (
				605CCF801B7606F000BF366C /* utility */,
				605CCF7C1B7605AA00BF366C /* view */,
				60D099ED1B6CCEB200FA33A6 /* feature */,
				60D099F01B6CCEB200FA33A6 /* Resources */,
			);
			path = Shared;
			sourceTree = "<group>";
		};
		60D099ED1B6CCEB200FA33A6 /* feature */ = {
			isa = PBXGroup;
			children = (
				60D099FE1B6DFB7700FA33A6 /* Account */,
				60D099EE1B6CCEB200FA33A6 /* Main */,
				605CCF791B76033700BF366C /* BaseViewController.swift */,
				60330EA11B8077F30000343B /* BaseTableViewController.swift */,
			);
			path = feature;
			sourceTree = "<group>";
		};
		60D099EE1B6CCEB200FA33A6 /* Main */ = {
			isa = PBXGroup;
			children = (
				60D099EF1B6CCEB200FA33A6 /* Launch.storyboard */,
				60D099F71B6DEC7E00FA33A6 /* Main.storyboard */,
				60D099FA1B6DED0F00FA33A6 /* SportMainViewController.swift */,
			);
			path = Main;
			sourceTree = "<group>";
		};
		60D099F01B6CCEB200FA33A6 /* Resources */ = {
			isa = PBXGroup;
			children = (
				60EA84DA1BA41B490016D752 /* Localization */,
				60330E851B7F1A050000343B /* Sounds */,
				60330E6C1B7F19F80000343B /* Fonts */,
				60D099F11B6CCEB200FA33A6 /* Images */,
			);
			path = Resources;
			sourceTree = "<group>";
		};
		60D099F11B6CCEB200FA33A6 /* Images */ = {
			isa = PBXGroup;
			children = (
				60D099F21B6CCEB200FA33A6 /* Images.xcassets */,
			);
			path = Images;
			sourceTree = "<group>";
		};
		60D099FE1B6DFB7700FA33A6 /* Account */ = {
			isa = PBXGroup;
			children = (
				60D099FF1B6DFB7700FA33A6 /* DataSource */,
				60EA84D71BA41AD50016D752 /* Account.storyboard */,
				60D09A031B6E06E500FA33A6 /* SportAccountGetStartedViewController.swift */,
				60330E951B7F296B0000343B /* AccountRegisterViewController.swift */,
				60330E9E1B8077A90000343B /* AccountRegisterProfileViewController.swift */,
			);
			path = Account;
			sourceTree = "<group>";
		};
		60D099FF1B6DFB7700FA33A6 /* DataSource */ = {
			isa = PBXGroup;
			children = (
				6017967A1B886E6100E11446 /* ZPAccountProfileDataSource.swift */,
			);
			path = DataSource;
			sourceTree = "<group>";
		};
		60EA84DA1BA41B490016D752 /* Localization */ = {
			isa = PBXGroup;
			children = (
				60EA84E11BA41BA60016D752 /* Localizable.strings */,
			);
			path = Localization;
			sourceTree = "<group>";
		};
		7014826CEA71C90C7AC9C786 /* Pods */ = {
			isa = PBXGroup;
			children = (
				6D6C1DC140286799D6A2D719 /* Pods.debug.xcconfig */,
				FEC00C303000C395FA836C3C /* Pods.release.xcconfig */,
			);
			name = Pods;
			sourceTree = "<group>";
		};
/* End PBXGroup section */

/* Begin PBXNativeTarget section */
		60D099671B6CB15D00FA33A6 /* Soccer */ = {
			isa = PBXNativeTarget;
			buildConfigurationList = 60D099871B6CB15D00FA33A6 /* Build configuration list for PBXNativeTarget "Soccer" */;
			buildPhases = (
				BE4621AA882854E3DD0735B0 /* Check Pods Manifest.lock */,
				60D099641B6CB15D00FA33A6 /* Sources */,
				60D099651B6CB15D00FA33A6 /* Frameworks */,
				60D099661B6CB15D00FA33A6 /* Resources */,
				07F86F71647CA0A9FF228CF7 /* Embed Pods Frameworks */,
				F1ACB875EF7B212C9E477695 /* Copy Pods Resources */,
			);
			buildRules = (
			);
			dependencies = (
			);
			name = Soccer;
			productName = Soccer;
			productReference = 60D099681B6CB15D00FA33A6 /* Soccer.app */;
			productType = "com.apple.product-type.application";
		};
		60D0997E1B6CB15D00FA33A6 /* SoccerTests */ = {
			isa = PBXNativeTarget;
			buildConfigurationList = 60D0998A1B6CB15D00FA33A6 /* Build configuration list for PBXNativeTarget "SoccerTests" */;
			buildPhases = (
				60D0997B1B6CB15D00FA33A6 /* Sources */,
				60D0997C1B6CB15D00FA33A6 /* Frameworks */,
				60D0997D1B6CB15D00FA33A6 /* Resources */,
			);
			buildRules = (
			);
			dependencies = (
				60D099811B6CB15D00FA33A6 /* PBXTargetDependency */,
			);
			name = SoccerTests;
			productName = SoccerTests;
			productReference = 60D0997F1B6CB15D00FA33A6 /* SoccerTests.xctest */;
			productType = "com.apple.product-type.bundle.unit-test";
		};
		60D099901B6CB1CA00FA33A6 /* Basketball */ = {
			isa = PBXNativeTarget;
			buildConfigurationList = 60D099B01B6CB1CA00FA33A6 /* Build configuration list for PBXNativeTarget "Basketball" */;
			buildPhases = (
				60D0998D1B6CB1CA00FA33A6 /* Sources */,
				60D0998E1B6CB1CA00FA33A6 /* Frameworks */,
				60D0998F1B6CB1CA00FA33A6 /* Resources */,
			);
			buildRules = (
			);
			dependencies = (
			);
			name = Basketball;
			productName = Basketball;
			productReference = 60D099911B6CB1CA00FA33A6 /* Basketball.app */;
			productType = "com.apple.product-type.application";
		};
		60D099A71B6CB1CA00FA33A6 /* BasketballTests */ = {
			isa = PBXNativeTarget;
			buildConfigurationList = 60D099B31B6CB1CA00FA33A6 /* Build configuration list for PBXNativeTarget "BasketballTests" */;
			buildPhases = (
				60D099A41B6CB1CA00FA33A6 /* Sources */,
				60D099A51B6CB1CA00FA33A6 /* Frameworks */,
				60D099A61B6CB1CA00FA33A6 /* Resources */,
			);
			buildRules = (
			);
			dependencies = (
				60D099AA1B6CB1CA00FA33A6 /* PBXTargetDependency */,
			);
			name = BasketballTests;
			productName = BasketballTests;
			productReference = 60D099A81B6CB1CA00FA33A6 /* BasketballTests.xctest */;
			productType = "com.apple.product-type.bundle.unit-test";
		};
/* End PBXNativeTarget section */

/* Begin PBXProject section */
		60D099311B6CAF9600FA33A6 /* Project object */ = {
			isa = PBXProject;
			attributes = {
				LastSwiftMigration = 0700;
				LastSwiftUpdateCheck = 0700;
				LastUpgradeCheck = 0630;
				ORGANIZATIONNAME = "Binea Xu";
				TargetAttributes = {
					60D099671B6CB15D00FA33A6 = {
						CreatedOnToolsVersion = 6.3.2;
					};
					60D0997E1B6CB15D00FA33A6 = {
						CreatedOnToolsVersion = 6.3.2;
						TestTargetID = 60D099671B6CB15D00FA33A6;
					};
					60D099901B6CB1CA00FA33A6 = {
						CreatedOnToolsVersion = 6.3.2;
					};
					60D099A71B6CB1CA00FA33A6 = {
						CreatedOnToolsVersion = 6.3.2;
						TestTargetID = 60D099901B6CB1CA00FA33A6;
					};
				};
			};
			buildConfigurationList = 60D099341B6CAF9600FA33A6 /* Build configuration list for PBXProject "SportDemo" */;
			compatibilityVersion = "Xcode 3.2";
			developmentRegion = English;
			hasScannedForEncodings = 0;
			knownRegions = (
				en,
				Base,
			);
			mainGroup = 60D099301B6CAF9600FA33A6;
			productRefGroup = 60D0993A1B6CAF9600FA33A6 /* Products */;
			projectDirPath = "";
			projectRoot = "";
			targets = (
				60D099671B6CB15D00FA33A6 /* Soccer */,
				60D0997E1B6CB15D00FA33A6 /* SoccerTests */,
				60D099901B6CB1CA00FA33A6 /* Basketball */,
				60D099A71B6CB1CA00FA33A6 /* BasketballTests */,
			);
		};
/* End PBXProject section */

/* Begin PBXResourcesBuildPhase section */
		60D099661B6CB15D00FA33A6 /* Resources */ = {
			isa = PBXResourcesBuildPhase;
			buildActionMask = 2147483647;
			files = (
				60D099E51B6CB76F00FA33A6 /* Images.xcassets in Resources */,
				606970C21B92DDB000E4BB1A /* ZPTableViewTextRowCell.xib in Resources */,
				60330E931B7F1A050000343B /* Calibration_successful.wav in Resources */,
				60330E751B7F19F80000343B /* Forza-BoldItalic.otf in Resources */,
				60330E8D1B7F1A050000343B /* 2.wav in Resources */,
				60330E8B1B7F1A050000343B /* 1.wav in Resources */,
				60D099F51B6CCEB200FA33A6 /* Images.xcassets in Resources */,
				60D099E71B6CB77E00FA33A6 /* soccer.plist in Resources */,
				60330E8F1B7F1A050000343B /* 3.wav in Resources */,
				60330E791B7F19F80000343B /* Tungsten-Bold.otf in Resources */,
				60D099F81B6DEC7E00FA33A6 /* Main.storyboard in Resources */,
				6038FD461BAEA03B0046C52A /* ZPDialogPopoverView.xib in Resources */,
				60330E7F1B7F19F80000343B /* Tungsten-Medium.otf in Resources */,
				606970C81B92EBCC00E4BB1A /* ZPTableViewButtonCell.xib in Resources */,
				60EA84DE1BA41BA60016D752 /* Localizable.strings in Resources */,
				60330E911B7F1A050000343B /* Calibration_failed.wav in Resources */,
				60D099CA1B6CB66C00FA33A6 /* Main.storyboard in Resources */,
				60330E771B7F19F80000343B /* Tungsten-Black.otf in Resources */,
				606970B01B9196A700E4BB1A /* ZPTablePhotoSelectedCell.xib in Resources */,
				60D099F31B6CCEB200FA33A6 /* Launch.storyboard in Resources */,
				60EA84D41BA41AD50016D752 /* Account.storyboard in Resources */,
				60330E7D1B7F19F80000343B /* Tungsten-Light.otf in Resources */,
				60330E831B7F19F80000343B /* Tungsten-XLight.otf in Resources */,
				60330E811B7F19F80000343B /* Tungsten-Semibold.otf in Resources */,
				60330E7B1B7F19F80000343B /* Tungsten-Book.otf in Resources */,
			);
			runOnlyForDeploymentPostprocessing = 0;
		};
		60D0997D1B6CB15D00FA33A6 /* Resources */ = {
			isa = PBXResourcesBuildPhase;
			buildActionMask = 2147483647;
			files = (
			);
			runOnlyForDeploymentPostprocessing = 0;
		};
		60D0998F1B6CB1CA00FA33A6 /* Resources */ = {
			isa = PBXResourcesBuildPhase;
			buildActionMask = 2147483647;
			files = (
				60D099DF1B6CB68100FA33A6 /* Info.plist in Resources */,
				606970C31B92DDB000E4BB1A /* ZPTableViewTextRowCell.xib in Resources */,
				60330E941B7F1A050000343B /* Calibration_successful.wav in Resources */,
				60330E761B7F19F80000343B /* Forza-BoldItalic.otf in Resources */,
				60330E8E1B7F1A050000343B /* 2.wav in Resources */,
				60330E8C1B7F1A050000343B /* 1.wav in Resources */,
				60D099F61B6CCEB200FA33A6 /* Images.xcassets in Resources */,
				60D099DE1B6CB68100FA33A6 /* Images.xcassets in Resources */,
				60330E901B7F1A050000343B /* 3.wav in Resources */,
				60330E7A1B7F19F80000343B /* Tungsten-Bold.otf in Resources */,
				60D099F91B6DEC7E00FA33A6 /* Main.storyboard in Resources */,
				6038FD471BAEA03B0046C52A /* ZPDialogPopoverView.xib in Resources */,
				60330E801B7F19F80000343B /* Tungsten-Medium.otf in Resources */,
				606970C91B92EBCC00E4BB1A /* ZPTableViewButtonCell.xib in Resources */,
				60EA84DF1BA41BA60016D752 /* Localizable.strings in Resources */,
				60330E921B7F1A050000343B /* Calibration_failed.wav in Resources */,
				60D099DC1B6CB68100FA33A6 /* Main.storyboard in Resources */,
				60330E781B7F19F80000343B /* Tungsten-Black.otf in Resources */,
				606970B11B9196A700E4BB1A /* ZPTablePhotoSelectedCell.xib in Resources */,
				60D099F41B6CCEB200FA33A6 /* Launch.storyboard in Resources */,
				60EA84D51BA41AD50016D752 /* Account.storyboard in Resources */,
				60330E7E1B7F19F80000343B /* Tungsten-Light.otf in Resources */,
				60330E841B7F19F80000343B /* Tungsten-XLight.otf in Resources */,
				60330E821B7F19F80000343B /* Tungsten-Semibold.otf in Resources */,
				60330E7C1B7F19F80000343B /* Tungsten-Book.otf in Resources */,
			);
			runOnlyForDeploymentPostprocessing = 0;
		};
		60D099A61B6CB1CA00FA33A6 /* Resources */ = {
			isa = PBXResourcesBuildPhase;
			buildActionMask = 2147483647;
			files = (
			);
			runOnlyForDeploymentPostprocessing = 0;
		};
/* End PBXResourcesBuildPhase section */

/* Begin PBXShellScriptBuildPhase section */
		07F86F71647CA0A9FF228CF7 /* Embed Pods Frameworks */ = {
			isa = PBXShellScriptBuildPhase;
			buildActionMask = 2147483647;
			files = (
			);
			inputPaths = (
			);
			name = "Embed Pods Frameworks";
			outputPaths = (
			);
			runOnlyForDeploymentPostprocessing = 0;
			shellPath = /bin/sh;
			shellScript = "\"${SRCROOT}/Pods/Target Support Files/Pods/Pods-frameworks.sh\"\n";
			showEnvVarsInLog = 0;
		};
		BE4621AA882854E3DD0735B0 /* Check Pods Manifest.lock */ = {
			isa = PBXShellScriptBuildPhase;
			buildActionMask = 2147483647;
			files = (
			);
			inputPaths = (
			);
			name = "Check Pods Manifest.lock";
			outputPaths = (
			);
			runOnlyForDeploymentPostprocessing = 0;
			shellPath = /bin/sh;
			shellScript = "diff \"${PODS_ROOT}/../Podfile.lock\" \"${PODS_ROOT}/Manifest.lock\" > /dev/null\nif [[ $? != 0 ]] ; then\n    cat << EOM\nerror: The sandbox is not in sync with the Podfile.lock. Run 'pod install' or update your CocoaPods installation.\nEOM\n    exit 1\nfi\n";
			showEnvVarsInLog = 0;
		};
		F1ACB875EF7B212C9E477695 /* Copy Pods Resources */ = {
			isa = PBXShellScriptBuildPhase;
			buildActionMask = 2147483647;
			files = (
			);
			inputPaths = (
			);
			name = "Copy Pods Resources";
			outputPaths = (
			);
			runOnlyForDeploymentPostprocessing = 0;
			shellPath = /bin/sh;
			shellScript = "\"${SRCROOT}/Pods/Target Support Files/Pods/Pods-resources.sh\"\n";
			showEnvVarsInLog = 0;
		};
/* End PBXShellScriptBuildPhase section */

/* Begin PBXSourcesBuildPhase section */
		60D099641B6CB15D00FA33A6 /* Sources */ = {
			isa = PBXSourcesBuildPhase;
			buildActionMask = 2147483647;
			files = (
				601526141BC4FA2F00A78EBC /* ZPTableHeaderView.swift in Sources */,
				60330E961B7F296B0000343B /* AccountRegisterViewController.swift in Sources */,
				601796781B885A9900E11446 /* ZPTableBaseCell.swift in Sources */,
				6045C7231B98219500F1901A /* NSStringValidation.swift in Sources */,
				60D099FB1B6DED0F00FA33A6 /* SportMainViewController.swift in Sources */,
				605CCF7E1B7605FF00BF366C /* DismissBarButtonItem.swift in Sources */,
				605FBB8D1BB7BD5C00EC1260 /* ZPControl.swift in Sources */,
				605518B31B89A6E90000B031 /* ZPSingleSelectionTableSectionEntity.swift in Sources */,
				60330E9F1B8077A90000343B /* AccountRegisterProfileViewController.swift in Sources */,
				6017966F1B88559200E11446 /* ZPTableDataSource.swift in Sources */,
				60330E991B7F2A880000343B /* ZPTextField.swift in Sources */,
				60D09A041B6E06E500FA33A6 /* SportAccountGetStartedViewController.swift in Sources */,
				605518B61B89AA0A0000B031 /* ZPTableSectionEntity.swift in Sources */,
				60D099CE1B6CB66C00FA33A6 /* ViewController.swift in Sources */,
				60EA84E41BA421240016D752 /* NSStringLocalization.swift in Sources */,
				605CCF891B77232A00BF366C /* UIGlobal.swift in Sources */,
				6038FD4C1BAEA0980046C52A /* ZPPopoverView.swift in Sources */,
				604895891BB67F72002620C4 /* UIView+Initialization.swift in Sources */,
				6038FD491BAEA0570046C52A /* ZPDialogPopoverView.swift in Sources */,
				606970BC1B91A20400E4BB1A /* ZPTablePhotoSelectedCell.swift in Sources */,
				605CCF861B7607D100BF366C /* UIBarButtonItem+ZPImageName.swift in Sources */,
				605CCF821B76071000BF366C /* Utility.swift in Sources */,
				60330EA21B8077F30000343B /* BaseTableViewController.swift in Sources */,
				6017967B1B886E6100E11446 /* ZPAccountProfileDataSource.swift in Sources */,
				60D099CD1B6CB66C00FA33A6 /* Soccer.xcdatamodeld in Sources */,
				606970C01B92DDB000E4BB1A /* ZPTableViewTextRowCell.swift in Sources */,
				601796721B88576500E11446 /* ZPTableEntity.swift in Sources */,
				605FBB901BB7C12700EC1260 /* ZEPP.swift in Sources */,
				60D099C81B6CB66C00FA33A6 /* AppDelegate.swift in Sources */,
				601796751B88582700E11446 /* ZPTableRowEntity.swift in Sources */,
				605FBB931BB7C61400EC1260 /* ZPDismissBarButtonItem.swift in Sources */,
				605CCF7A1B76033700BF366C /* BaseViewController.swift in Sources */,
				606970C61B92EBCC00E4BB1A /* ZPTableViewButtonCell.swift in Sources */,
			);
			runOnlyForDeploymentPostprocessing = 0;
		};
		60D0997B1B6CB15D00FA33A6 /* Sources */ = {
			isa = PBXSourcesBuildPhase;
			buildActionMask = 2147483647;
			files = (
				60D099861B6CB15D00FA33A6 /* SoccerTests.swift in Sources */,
			);
			runOnlyForDeploymentPostprocessing = 0;
		};
		60D0998D1B6CB1CA00FA33A6 /* Sources */ = {
			isa = PBXSourcesBuildPhase;
			buildActionMask = 2147483647;
			files = (
				601526151BC4FA2F00A78EBC /* ZPTableHeaderView.swift in Sources */,
				60330E971B7F296B0000343B /* AccountRegisterViewController.swift in Sources */,
				601796791B885A9900E11446 /* ZPTableBaseCell.swift in Sources */,
				6045C7241B98219500F1901A /* NSStringValidation.swift in Sources */,
				60D099FC1B6DED0F00FA33A6 /* SportMainViewController.swift in Sources */,
				605CCF7F1B7605FF00BF366C /* DismissBarButtonItem.swift in Sources */,
				605FBB8E1BB7BD5C00EC1260 /* ZPControl.swift in Sources */,
				605518B41B89A6E90000B031 /* ZPSingleSelectionTableSectionEntity.swift in Sources */,
				60330EA01B8077A90000343B /* AccountRegisterProfileViewController.swift in Sources */,
				601796701B88559200E11446 /* ZPTableDataSource.swift in Sources */,
				60330E9A1B7F2A880000343B /* ZPTextField.swift in Sources */,
				60D09A051B6E06E500FA33A6 /* SportAccountGetStartedViewController.swift in Sources */,
				605518B71B89AA0A0000B031 /* ZPTableSectionEntity.swift in Sources */,
				60D099E01B6CB68100FA33A6 /* ViewController.swift in Sources */,
				60EA84E51BA421240016D752 /* NSStringLocalization.swift in Sources */,
				605CCF8A1B77232A00BF366C /* UIGlobal.swift in Sources */,
				6038FD4D1BAEA0980046C52A /* ZPPopoverView.swift in Sources */,
				6048958A1BB67F72002620C4 /* UIView+Initialization.swift in Sources */,
				6038FD4A1BAEA0570046C52A /* ZPDialogPopoverView.swift in Sources */,
				606970BD1B91A20400E4BB1A /* ZPTablePhotoSelectedCell.swift in Sources */,
				605CCF871B7607D100BF366C /* UIBarButtonItem+ZPImageName.swift in Sources */,
				605CCF831B76071000BF366C /* Utility.swift in Sources */,
				60330EA31B8077F30000343B /* BaseTableViewController.swift in Sources */,
				6017967C1B886E6100E11446 /* ZPAccountProfileDataSource.swift in Sources */,
				60D099DD1B6CB68100FA33A6 /* Basketball.xcdatamodeld in Sources */,
				606970C11B92DDB000E4BB1A /* ZPTableViewTextRowCell.swift in Sources */,
				601796731B88576500E11446 /* ZPTableEntity.swift in Sources */,
				605FBB911BB7C12700EC1260 /* ZEPP.swift in Sources */,
				60D099DA1B6CB68100FA33A6 /* AppDelegate.swift in Sources */,
				601796761B88582700E11446 /* ZPTableRowEntity.swift in Sources */,
				605FBB941BB7C61400EC1260 /* ZPDismissBarButtonItem.swift in Sources */,
				605CCF7B1B76033700BF366C /* BaseViewController.swift in Sources */,
				606970C71B92EBCC00E4BB1A /* ZPTableViewButtonCell.swift in Sources */,
			);
			runOnlyForDeploymentPostprocessing = 0;
		};
		60D099A41B6CB1CA00FA33A6 /* Sources */ = {
			isa = PBXSourcesBuildPhase;
			buildActionMask = 2147483647;
			files = (
				60D099AF1B6CB1CA00FA33A6 /* BasketballTests.swift in Sources */,
			);
			runOnlyForDeploymentPostprocessing = 0;
		};
/* End PBXSourcesBuildPhase section */

/* Begin PBXTargetDependency section */
		60D099811B6CB15D00FA33A6 /* PBXTargetDependency */ = {
			isa = PBXTargetDependency;
			target = 60D099671B6CB15D00FA33A6 /* Soccer */;
			targetProxy = 60D099801B6CB15D00FA33A6 /* PBXContainerItemProxy */;
		};
		60D099AA1B6CB1CA00FA33A6 /* PBXTargetDependency */ = {
			isa = PBXTargetDependency;
			target = 60D099901B6CB1CA00FA33A6 /* Basketball */;
			targetProxy = 60D099A91B6CB1CA00FA33A6 /* PBXContainerItemProxy */;
		};
/* End PBXTargetDependency section */

/* Begin PBXVariantGroup section */
		60D099C11B6CB66C00FA33A6 /* Main.storyboard */ = {
			isa = PBXVariantGroup;
			children = (
				60D099C21B6CB66C00FA33A6 /* Base */,
			);
			name = Main.storyboard;
			sourceTree = "<group>";
		};
		60D099D31B6CB68100FA33A6 /* Main.storyboard */ = {
			isa = PBXVariantGroup;
			children = (
				60D099D41B6CB68100FA33A6 /* Base */,
			);
			name = Main.storyboard;
			sourceTree = "<group>";
		};
		60EA84D71BA41AD50016D752 /* Account.storyboard */ = {
			isa = PBXVariantGroup;
			children = (
				60EA84D61BA41AD50016D752 /* Base */,
				60EA84D91BA41ADC0016D752 /* en */,
			);
			name = Account.storyboard;
			sourceTree = "<group>";
		};
		60EA84E11BA41BA60016D752 /* Localizable.strings */ = {
			isa = PBXVariantGroup;
			children = (
				60EA84E01BA41BA60016D752 /* Base */,
				60EA84E21BA41BA90016D752 /* en */,
			);
			name = Localizable.strings;
			sourceTree = "<group>";
		};
/* End PBXVariantGroup section */

/* Begin XCBuildConfiguration section */
		60D099591B6CAF9600FA33A6 /* Debug */ = {
			isa = XCBuildConfiguration;
			buildSettings = {
				ALWAYS_SEARCH_USER_PATHS = NO;
				CLANG_CXX_LANGUAGE_STANDARD = "gnu++0x";
				CLANG_CXX_LIBRARY = "libc++";
				CLANG_ENABLE_MODULES = YES;
				CLANG_ENABLE_OBJC_ARC = YES;
				CLANG_WARN_BOOL_CONVERSION = YES;
				CLANG_WARN_CONSTANT_CONVERSION = YES;
				CLANG_WARN_DIRECT_OBJC_ISA_USAGE = YES_ERROR;
				CLANG_WARN_EMPTY_BODY = YES;
				CLANG_WARN_ENUM_CONVERSION = YES;
				CLANG_WARN_INT_CONVERSION = YES;
				CLANG_WARN_OBJC_ROOT_CLASS = YES_ERROR;
				CLANG_WARN_UNREACHABLE_CODE = YES;
				CLANG_WARN__DUPLICATE_METHOD_MATCH = YES;
				"CODE_SIGN_IDENTITY[sdk=iphoneos*]" = "iPhone Developer";
				COPY_PHASE_STRIP = NO;
				DEBUG_INFORMATION_FORMAT = "dwarf-with-dsym";
				ENABLE_STRICT_OBJC_MSGSEND = YES;
				GCC_C_LANGUAGE_STANDARD = gnu99;
				GCC_DYNAMIC_NO_PIC = NO;
				GCC_NO_COMMON_BLOCKS = YES;
				GCC_OPTIMIZATION_LEVEL = 0;
				GCC_PREPROCESSOR_DEFINITIONS = (
					"DEBUG=1",
					"$(inherited)",
				);
				GCC_SYMBOLS_PRIVATE_EXTERN = NO;
				GCC_WARN_64_TO_32_BIT_CONVERSION = YES;
				GCC_WARN_ABOUT_RETURN_TYPE = YES_ERROR;
				GCC_WARN_UNDECLARED_SELECTOR = YES;
				GCC_WARN_UNINITIALIZED_AUTOS = YES_AGGRESSIVE;
				GCC_WARN_UNUSED_FUNCTION = YES;
				GCC_WARN_UNUSED_VARIABLE = YES;
				IPHONEOS_DEPLOYMENT_TARGET = 8.1;
				MTL_ENABLE_DEBUG_INFO = YES;
				ONLY_ACTIVE_ARCH = YES;
				SDKROOT = iphoneos;
				SWIFT_OPTIMIZATION_LEVEL = "-Onone";
				TARGETED_DEVICE_FAMILY = "1,2";
			};
			name = Debug;
		};
		60D0995A1B6CAF9600FA33A6 /* Release */ = {
			isa = XCBuildConfiguration;
			buildSettings = {
				ALWAYS_SEARCH_USER_PATHS = NO;
				CLANG_CXX_LANGUAGE_STANDARD = "gnu++0x";
				CLANG_CXX_LIBRARY = "libc++";
				CLANG_ENABLE_MODULES = YES;
				CLANG_ENABLE_OBJC_ARC = YES;
				CLANG_WARN_BOOL_CONVERSION = YES;
				CLANG_WARN_CONSTANT_CONVERSION = YES;
				CLANG_WARN_DIRECT_OBJC_ISA_USAGE = YES_ERROR;
				CLANG_WARN_EMPTY_BODY = YES;
				CLANG_WARN_ENUM_CONVERSION = YES;
				CLANG_WARN_INT_CONVERSION = YES;
				CLANG_WARN_OBJC_ROOT_CLASS = YES_ERROR;
				CLANG_WARN_UNREACHABLE_CODE = YES;
				CLANG_WARN__DUPLICATE_METHOD_MATCH = YES;
				"CODE_SIGN_IDENTITY[sdk=iphoneos*]" = "iPhone Developer";
				COPY_PHASE_STRIP = NO;
				DEBUG_INFORMATION_FORMAT = "dwarf-with-dsym";
				ENABLE_NS_ASSERTIONS = NO;
				ENABLE_STRICT_OBJC_MSGSEND = YES;
				GCC_C_LANGUAGE_STANDARD = gnu99;
				GCC_NO_COMMON_BLOCKS = YES;
				GCC_WARN_64_TO_32_BIT_CONVERSION = YES;
				GCC_WARN_ABOUT_RETURN_TYPE = YES_ERROR;
				GCC_WARN_UNDECLARED_SELECTOR = YES;
				GCC_WARN_UNINITIALIZED_AUTOS = YES_AGGRESSIVE;
				GCC_WARN_UNUSED_FUNCTION = YES;
				GCC_WARN_UNUSED_VARIABLE = YES;
				IPHONEOS_DEPLOYMENT_TARGET = 8.1;
				MTL_ENABLE_DEBUG_INFO = NO;
				SDKROOT = iphoneos;
				TARGETED_DEVICE_FAMILY = "1,2";
				VALIDATE_PRODUCT = YES;
			};
			name = Release;
		};
		60D099881B6CB15D00FA33A6 /* Debug */ = {
			isa = XCBuildConfiguration;
			baseConfigurationReference = 6D6C1DC140286799D6A2D719 /* Pods.debug.xcconfig */;
			buildSettings = {
				ASSETCATALOG_COMPILER_APPICON_NAME = AppIcon;
				CLANG_ENABLE_MODULES = YES;
				GCC_PREPROCESSOR_DEFINITIONS = (
					"DEBUG=1",
					"$(inherited)",
				);
				INFOPLIST_FILE = "$(SRCROOT)/SportDemo/Soccer/Resources/InfoPlist/soccer.plist";
				IPHONEOS_DEPLOYMENT_TARGET = 8.1;
				LD_RUNPATH_SEARCH_PATHS = "$(inherited) @executable_path/Frameworks";
				PRODUCT_NAME = "$(TARGET_NAME)";
				SWIFT_OBJC_BRIDGING_HEADER = "SportDemo/Shared/view/Soccer-Bridging-Header.h";
				SWIFT_OPTIMIZATION_LEVEL = "-Onone";
			};
			name = Debug;
		};
		60D099891B6CB15D00FA33A6 /* Release */ = {
			isa = XCBuildConfiguration;
			baseConfigurationReference = FEC00C303000C395FA836C3C /* Pods.release.xcconfig */;
			buildSettings = {
				ASSETCATALOG_COMPILER_APPICON_NAME = AppIcon;
				CLANG_ENABLE_MODULES = YES;
				INFOPLIST_FILE = "$(SRCROOT)/SportDemo/Soccer/Resources/InfoPlist/soccer.plist";
				IPHONEOS_DEPLOYMENT_TARGET = 8.1;
				LD_RUNPATH_SEARCH_PATHS = "$(inherited) @executable_path/Frameworks";
				PRODUCT_NAME = "$(TARGET_NAME)";
				SWIFT_OBJC_BRIDGING_HEADER = "SportDemo/Shared/view/Soccer-Bridging-Header.h";
			};
			name = Release;
		};
		60D0998B1B6CB15D00FA33A6 /* Debug */ = {
			isa = XCBuildConfiguration;
			buildSettings = {
				BUNDLE_LOADER = "$(TEST_HOST)";
				FRAMEWORK_SEARCH_PATHS = (
					"$(SDKROOT)/Developer/Library/Frameworks",
					"$(inherited)",
				);
				GCC_PREPROCESSOR_DEFINITIONS = (
					"DEBUG=1",
					"$(inherited)",
				);
				INFOPLIST_FILE = SoccerTests/Info.plist;
				IPHONEOS_DEPLOYMENT_TARGET = 8.3;
				LD_RUNPATH_SEARCH_PATHS = "$(inherited) @executable_path/Frameworks @loader_path/Frameworks";
				PRODUCT_NAME = "$(TARGET_NAME)";
				TEST_HOST = "$(BUILT_PRODUCTS_DIR)/Soccer.app/Soccer";
			};
			name = Debug;
		};
		60D0998C1B6CB15D00FA33A6 /* Release */ = {
			isa = XCBuildConfiguration;
			buildSettings = {
				BUNDLE_LOADER = "$(TEST_HOST)";
				FRAMEWORK_SEARCH_PATHS = (
					"$(SDKROOT)/Developer/Library/Frameworks",
					"$(inherited)",
				);
				INFOPLIST_FILE = SoccerTests/Info.plist;
				IPHONEOS_DEPLOYMENT_TARGET = 8.3;
				LD_RUNPATH_SEARCH_PATHS = "$(inherited) @executable_path/Frameworks @loader_path/Frameworks";
				PRODUCT_NAME = "$(TARGET_NAME)";
				TEST_HOST = "$(BUILT_PRODUCTS_DIR)/Soccer.app/Soccer";
			};
			name = Release;
		};
		60D099B11B6CB1CA00FA33A6 /* Debug */ = {
			isa = XCBuildConfiguration;
			buildSettings = {
				ASSETCATALOG_COMPILER_APPICON_NAME = AppIcon;
				CLANG_ENABLE_MODULES = YES;
				GCC_PREPROCESSOR_DEFINITIONS = (
					"DEBUG=1",
					"$(inherited)",
				);
				INFOPLIST_FILE = Basketball/Info.plist;
				IPHONEOS_DEPLOYMENT_TARGET = 8.3;
				LD_RUNPATH_SEARCH_PATHS = "$(inherited) @executable_path/Frameworks";
				PRODUCT_NAME = "$(TARGET_NAME)";
				SWIFT_OBJC_BRIDGING_HEADER = "SportDemo/Shared/view/Basketball-Bridging-Header.h";
				SWIFT_OPTIMIZATION_LEVEL = "-Onone";
			};
			name = Debug;
		};
		60D099B21B6CB1CA00FA33A6 /* Release */ = {
			isa = XCBuildConfiguration;
			buildSettings = {
				ASSETCATALOG_COMPILER_APPICON_NAME = AppIcon;
				CLANG_ENABLE_MODULES = YES;
				INFOPLIST_FILE = Basketball/Info.plist;
				IPHONEOS_DEPLOYMENT_TARGET = 8.3;
				LD_RUNPATH_SEARCH_PATHS = "$(inherited) @executable_path/Frameworks";
				PRODUCT_NAME = "$(TARGET_NAME)";
				SWIFT_OBJC_BRIDGING_HEADER = "SportDemo/Shared/view/Basketball-Bridging-Header.h";
			};
			name = Release;
		};
		60D099B41B6CB1CA00FA33A6 /* Debug */ = {
			isa = XCBuildConfiguration;
			buildSettings = {
				BUNDLE_LOADER = "$(TEST_HOST)";
				FRAMEWORK_SEARCH_PATHS = (
					"$(SDKROOT)/Developer/Library/Frameworks",
					"$(inherited)",
				);
				GCC_PREPROCESSOR_DEFINITIONS = (
					"DEBUG=1",
					"$(inherited)",
				);
				INFOPLIST_FILE = BasketballTests/Info.plist;
				IPHONEOS_DEPLOYMENT_TARGET = 8.3;
				LD_RUNPATH_SEARCH_PATHS = "$(inherited) @executable_path/Frameworks @loader_path/Frameworks";
				PRODUCT_NAME = "$(TARGET_NAME)";
				TEST_HOST = "$(BUILT_PRODUCTS_DIR)/Basketball.app/Basketball";
			};
			name = Debug;
		};
		60D099B51B6CB1CA00FA33A6 /* Release */ = {
			isa = XCBuildConfiguration;
			buildSettings = {
				BUNDLE_LOADER = "$(TEST_HOST)";
				FRAMEWORK_SEARCH_PATHS = (
					"$(SDKROOT)/Developer/Library/Frameworks",
					"$(inherited)",
				);
				INFOPLIST_FILE = BasketballTests/Info.plist;
				IPHONEOS_DEPLOYMENT_TARGET = 8.3;
				LD_RUNPATH_SEARCH_PATHS = "$(inherited) @executable_path/Frameworks @loader_path/Frameworks";
				PRODUCT_NAME = "$(TARGET_NAME)";
				TEST_HOST = "$(BUILT_PRODUCTS_DIR)/Basketball.app/Basketball";
			};
			name = Release;
		};
/* End XCBuildConfiguration section */

/* Begin XCConfigurationList section */
		60D099341B6CAF9600FA33A6 /* Build configuration list for PBXProject "SportDemo" */ = {
			isa = XCConfigurationList;
			buildConfigurations = (
				60D099591B6CAF9600FA33A6 /* Debug */,
				60D0995A1B6CAF9600FA33A6 /* Release */,
			);
			defaultConfigurationIsVisible = 0;
			defaultConfigurationName = Release;
		};
		60D099871B6CB15D00FA33A6 /* Build configuration list for PBXNativeTarget "Soccer" */ = {
			isa = XCConfigurationList;
			buildConfigurations = (
				60D099881B6CB15D00FA33A6 /* Debug */,
				60D099891B6CB15D00FA33A6 /* Release */,
			);
			defaultConfigurationIsVisible = 0;
			defaultConfigurationName = Release;
		};
		60D0998A1B6CB15D00FA33A6 /* Build configuration list for PBXNativeTarget "SoccerTests" */ = {
			isa = XCConfigurationList;
			buildConfigurations = (
				60D0998B1B6CB15D00FA33A6 /* Debug */,
				60D0998C1B6CB15D00FA33A6 /* Release */,
			);
			defaultConfigurationIsVisible = 0;
			defaultConfigurationName = Release;
		};
		60D099B01B6CB1CA00FA33A6 /* Build configuration list for PBXNativeTarget "Basketball" */ = {
			isa = XCConfigurationList;
			buildConfigurations = (
				60D099B11B6CB1CA00FA33A6 /* Debug */,
				60D099B21B6CB1CA00FA33A6 /* Release */,
			);
			defaultConfigurationIsVisible = 0;
			defaultConfigurationName = Release;
		};
		60D099B31B6CB1CA00FA33A6 /* Build configuration list for PBXNativeTarget "BasketballTests" */ = {
			isa = XCConfigurationList;
			buildConfigurations = (
				60D099B41B6CB1CA00FA33A6 /* Debug */,
				60D099B51B6CB1CA00FA33A6 /* Release */,
			);
			defaultConfigurationIsVisible = 0;
			defaultConfigurationName = Release;
		};
/* End XCConfigurationList section */

/* Begin XCVersionGroup section */
		60D099C51B6CB66C00FA33A6 /* Soccer.xcdatamodeld */ = {
			isa = XCVersionGroup;
			children = (
				60D099C61B6CB66C00FA33A6 /* Soccer.xcdatamodel */,
			);
			currentVersion = 60D099C61B6CB66C00FA33A6 /* Soccer.xcdatamodel */;
			path = Soccer.xcdatamodeld;
			sourceTree = "<group>";
			versionGroupType = wrapper.xcdatamodel;
		};
		60D099D51B6CB68100FA33A6 /* Basketball.xcdatamodeld */ = {
			isa = XCVersionGroup;
			children = (
				60D099D61B6CB68100FA33A6 /* Basketball.xcdatamodel */,
			);
			currentVersion = 60D099D61B6CB68100FA33A6 /* Basketball.xcdatamodel */;
			path = Basketball.xcdatamodeld;
			sourceTree = "<group>";
			versionGroupType = wrapper.xcdatamodel;
		};
/* End XCVersionGroup section */
	};
	rootObject = 60D099311B6CAF9600FA33A6 /* Project object */;
}
